
Microsoft Visual Studio Solution File, Format Version 12.00
# Visual Studio 15
VisualStudioVersion = 15.0.27703.2026
MinimumVisualStudioVersion = 10.0.40219.1
Project("{FAE04EC0-301F-11D3-BF4B-00C04F79EFBC}") = "OddJob", "OddJob\OddJob.csproj", "{AA34BEA9-12EC-4BF0-A6E0-9C459A4EBAE9}"
EndProject
Project("{FAE04EC0-301F-11D3-BF4B-00C04F79EFBC}") = "OddJob.Storage.SqlServer", "OddJob.Storage.SqlServer\OddJob.Storage.SqlServer.csproj", "{033469ED-9C96-4F49-BEF8-D373029799B3}"
EndProject
Project("{FAE04EC0-301F-11D3-BF4B-00C04F79EFBC}") = "OddJob.Execution.Akka", "OddJob.Execution.Akka\OddJob.Execution.Akka.csproj", "{0AE03157-A9B2-4FBD-8DB7-36DC09EE01D3}"
EndProject
Project("{2150E333-8FDC-42A3-9474-1A3956D46DE8}") = "Solution Items", "Solution Items", "{C890D84B-9DE8-4AFB-AADC-C9B86ADE790C}"
	ProjectSection(SolutionItems) = preProject
		.gitignore = .gitignore
		Readme.MD = Readme.MD
	EndProjectSection
EndProject
Project("{FAE04EC0-301F-11D3-BF4B-00C04F79EFBC}") = "OddJob.Tests", "OddJob.Tests\OddJob.Tests.csproj", "{FC326F53-373D-4C40-B5F5-C307A96B49A3}"
EndProject
Project("{FAE04EC0-301F-11D3-BF4B-00C04F79EFBC}") = "OddJob.Storage.FileSystem", "OddJob.Storage.FileSystem\OddJob.Storage.FileSystem.csproj", "{55035D4F-B1DB-4DFD-BB92-33BB1C96183A}"
EndProject
Project("{FAE04EC0-301F-11D3-BF4B-00C04F79EFBC}") = "OddJob.Execution.Akka.Test", "OddJob.Execution.Akka.Test\OddJob.Execution.Akka.Test.csproj", "{D5D7AA25-80C6-4556-BD44-0E3DA3123E3E}"
EndProject
Project("{FAE04EC0-301F-11D3-BF4B-00C04F79EFBC}") = "OddJob.SampleApp.Console", "OddJob.SampleApp.Console\OddJob.SampleApp.Console.csproj", "{E8BD023A-4BEC-40B9-8FCA-FEB200922DCD}"
EndProject
Project("{FAE04EC0-301F-11D3-BF4B-00C04F79EFBC}") = "OddJob.Storage.SqlServer.Test", "OddJob.Storage.SqlServer.Test\OddJob.Storage.SqlServer.Test.csproj", "{9DB8AC09-E124-4133-97BC-6A13F1BB0B2A}"
EndProject
Project("{FAE04EC0-301F-11D3-BF4B-00C04F79EFBC}") = "OddJob.Storage.FileSystem.Test", "OddJob.Storage.FileSystem.Test\OddJob.Storage.FileSystem.Test.csproj", "{9E9CB318-9CBE-409B-9E4C-6B2EFAB570B9}"
EndProject
Project("{FAE04EC0-301F-11D3-BF4B-00C04F79EFBC}") = "OddJob.Storage.BaseTests", "OddJob.Storage.BaseTests\OddJob.Storage.BaseTests.csproj", "{6F6AA4D7-A77C-4C32-8F10-1240AD39FB11}"
EndProject
Global
	GlobalSection(SolutionConfigurationPlatforms) = preSolution
		Debug|Any CPU = Debug|Any CPU
		Release|Any CPU = Release|Any CPU
	EndGlobalSection
	GlobalSection(ProjectConfigurationPlatforms) = postSolution
		{AA34BEA9-12EC-4BF0-A6E0-9C459A4EBAE9}.Debug|Any CPU.ActiveCfg = Debug|Any CPU
		{AA34BEA9-12EC-4BF0-A6E0-9C459A4EBAE9}.Debug|Any CPU.Build.0 = Debug|Any CPU
		{AA34BEA9-12EC-4BF0-A6E0-9C459A4EBAE9}.Release|Any CPU.ActiveCfg = Release|Any CPU
		{AA34BEA9-12EC-4BF0-A6E0-9C459A4EBAE9}.Release|Any CPU.Build.0 = Release|Any CPU
		{033469ED-9C96-4F49-BEF8-D373029799B3}.Debug|Any CPU.ActiveCfg = Debug|Any CPU
		{033469ED-9C96-4F49-BEF8-D373029799B3}.Debug|Any CPU.Build.0 = Debug|Any CPU
		{033469ED-9C96-4F49-BEF8-D373029799B3}.Release|Any CPU.ActiveCfg = Release|Any CPU
		{033469ED-9C96-4F49-BEF8-D373029799B3}.Release|Any CPU.Build.0 = Release|Any CPU
		{0AE03157-A9B2-4FBD-8DB7-36DC09EE01D3}.Debug|Any CPU.ActiveCfg = Debug|Any CPU
		{0AE03157-A9B2-4FBD-8DB7-36DC09EE01D3}.Debug|Any CPU.Build.0 = Debug|Any CPU
		{0AE03157-A9B2-4FBD-8DB7-36DC09EE01D3}.Release|Any CPU.ActiveCfg = Release|Any CPU
		{0AE03157-A9B2-4FBD-8DB7-36DC09EE01D3}.Release|Any CPU.Build.0 = Release|Any CPU
		{FC326F53-373D-4C40-B5F5-C307A96B49A3}.Debug|Any CPU.ActiveCfg = Debug|Any CPU
		{FC326F53-373D-4C40-B5F5-C307A96B49A3}.Debug|Any CPU.Build.0 = Debug|Any CPU
		{FC326F53-373D-4C40-B5F5-C307A96B49A3}.Release|Any CPU.ActiveCfg = Release|Any CPU
		{FC326F53-373D-4C40-B5F5-C307A96B49A3}.Release|Any CPU.Build.0 = Release|Any CPU
		{55035D4F-B1DB-4DFD-BB92-33BB1C96183A}.Debug|Any CPU.ActiveCfg = Debug|Any CPU
		{55035D4F-B1DB-4DFD-BB92-33BB1C96183A}.Debug|Any CPU.Build.0 = Debug|Any CPU
		{55035D4F-B1DB-4DFD-BB92-33BB1C96183A}.Release|Any CPU.ActiveCfg = Release|Any CPU
		{55035D4F-B1DB-4DFD-BB92-33BB1C96183A}.Release|Any CPU.Build.0 = Release|Any CPU
		{D5D7AA25-80C6-4556-BD44-0E3DA3123E3E}.Debug|Any CPU.ActiveCfg = Debug|Any CPU
		{D5D7AA25-80C6-4556-BD44-0E3DA3123E3E}.Debug|Any CPU.Build.0 = Debug|Any CPU
		{D5D7AA25-80C6-4556-BD44-0E3DA3123E3E}.Release|Any CPU.ActiveCfg = Release|Any CPU
		{D5D7AA25-80C6-4556-BD44-0E3DA3123E3E}.Release|Any CPU.Build.0 = Release|Any CPU
		{E8BD023A-4BEC-40B9-8FCA-FEB200922DCD}.Debug|Any CPU.ActiveCfg = Debug|Any CPU
		{E8BD023A-4BEC-40B9-8FCA-FEB200922DCD}.Debug|Any CPU.Build.0 = Debug|Any CPU
		{E8BD023A-4BEC-40B9-8FCA-FEB200922DCD}.Release|Any CPU.ActiveCfg = Release|Any CPU
		{E8BD023A-4BEC-40B9-8FCA-FEB200922DCD}.Release|Any CPU.Build.0 = Release|Any CPU
		{9DB8AC09-E124-4133-97BC-6A13F1BB0B2A}.Debug|Any CPU.ActiveCfg = Debug|Any CPU
		{9DB8AC09-E124-4133-97BC-6A13F1BB0B2A}.Debug|Any CPU.Build.0 = Debug|Any CPU
		{9DB8AC09-E124-4133-97BC-6A13F1BB0B2A}.Release|Any CPU.ActiveCfg = Release|Any CPU
		{9DB8AC09-E124-4133-97BC-6A13F1BB0B2A}.Release|Any CPU.Build.0 = Release|Any CPU
		{9E9CB318-9CBE-409B-9E4C-6B2EFAB570B9}.Debug|Any CPU.ActiveCfg = Debug|Any CPU
		{9E9CB318-9CBE-409B-9E4C-6B2EFAB570B9}.Debug|Any CPU.Build.0 = Debug|Any CPU
		{9E9CB318-9CBE-409B-9E4C-6B2EFAB570B9}.Release|Any CPU.ActiveCfg = Release|Any CPU
		{9E9CB318-9CBE-409B-9E4C-6B2EFAB570B9}.Release|Any CPU.Build.0 = Release|Any CPU
		{6F6AA4D7-A77C-4C32-8F10-1240AD39FB11}.Debug|Any CPU.ActiveCfg = Debug|Any CPU
		{6F6AA4D7-A77C-4C32-8F10-1240AD39FB11}.Debug|Any CPU.Build.0 = Debug|Any CPU
		{6F6AA4D7-A77C-4C32-8F10-1240AD39FB11}.Release|Any CPU.ActiveCfg = Release|Any CPU
		{6F6AA4D7-A77C-4C32-8F10-1240AD39FB11}.Release|Any CPU.Build.0 = Release|Any CPU
	EndGlobalSection
	GlobalSection(SolutionProperties) = preSolution
		HideSolutionNode = FALSE
	EndGlobalSection
	GlobalSection(ExtensibilityGlobals) = postSolution
		SolutionGuid = {FCDAA670-41E2-41AE-A098-36F68A02ED70}
	EndGlobalSection
EndGlobal
