
Microsoft Visual Studio Solution File, Format Version 12.00
# Visual Studio 15
VisualStudioVersion = 15.0.27703.2026
MinimumVisualStudioVersion = 10.0.40219.1
Project("{9A19103F-16F7-4668-BE54-9A1E7A4F7556}") = "GlutenFree.OddJob", "OddJob\GlutenFree.OddJob.csproj", "{AA34BEA9-12EC-4BF0-A6E0-9C459A4EBAE9}"
EndProject
Project("{9A19103F-16F7-4668-BE54-9A1E7A4F7556}") = "GlutenFree.OddJob.Storage.Sql.SqlServer", "OddJob.Storage.SqlServer\GlutenFree.OddJob.Storage.Sql.SqlServer.csproj", "{033469ED-9C96-4F49-BEF8-D373029799B3}"
EndProject
Project("{9A19103F-16F7-4668-BE54-9A1E7A4F7556}") = "GlutenFree.OddJob.Execution.Akka", "OddJob.Execution.Akka\GlutenFree.OddJob.Execution.Akka.csproj", "{0AE03157-A9B2-4FBD-8DB7-36DC09EE01D3}"
EndProject
Project("{2150E333-8FDC-42A3-9474-1A3956D46DE8}") = "_", "_", "{C890D84B-9DE8-4AFB-AADC-C9B86ADE790C}"
	ProjectSection(SolutionItems) = preProject
		.gitignore = .gitignore
		Directory.Build.props = Directory.Build.props
		PushNuget.ps1 = PushNuget.ps1
		Readme.MD = Readme.MD
		FAQ.MD = FAQ.MD
	EndProjectSection
EndProject
Project("{9A19103F-16F7-4668-BE54-9A1E7A4F7556}") = "GlutenFree.OddJob.Tests", "OddJob.Tests\GlutenFree.OddJob.Tests.csproj", "{FC326F53-373D-4C40-B5F5-C307A96B49A3}"
EndProject
Project("{FAE04EC0-301F-11D3-BF4B-00C04F79EFBC}") = "GlutenFree.OddJob.Storage.FileSystem", "OddJob.Storage.FileSystem\GlutenFree.OddJob.Storage.FileSystem.csproj", "{55035D4F-B1DB-4DFD-BB92-33BB1C96183A}"
EndProject
Project("{9A19103F-16F7-4668-BE54-9A1E7A4F7556}") = "GlutenFree.OddJob.Execution.Akka.Test", "OddJob.Execution.Akka.Test\GlutenFree.OddJob.Execution.Akka.Test.csproj", "{D5D7AA25-80C6-4556-BD44-0E3DA3123E3E}"
EndProject
Project("{FAE04EC0-301F-11D3-BF4B-00C04F79EFBC}") = "GlutenFree.OddJob.SampleApp.Console", "OddJob.SampleApp.Console\GlutenFree.OddJob.SampleApp.Console.csproj", "{E8BD023A-4BEC-40B9-8FCA-FEB200922DCD}"
EndProject
Project("{9A19103F-16F7-4668-BE54-9A1E7A4F7556}") = "GlutenFree.OddJob.Storage.Sql.SqlServer.Test", "OddJob.Storage.SqlServer.Test\GlutenFree.OddJob.Storage.Sql.SqlServer.Test.csproj", "{9DB8AC09-E124-4133-97BC-6A13F1BB0B2A}"
EndProject
Project("{FAE04EC0-301F-11D3-BF4B-00C04F79EFBC}") = "GlutenFree.OddJob.Storage.FileSystem.Test", "OddJob.Storage.FileSystem.Test\GlutenFree.OddJob.Storage.FileSystem.Test.csproj", "{9E9CB318-9CBE-409B-9E4C-6B2EFAB570B9}"
EndProject
Project("{9A19103F-16F7-4668-BE54-9A1E7A4F7556}") = "GlutenFree.OddJob.Storage.BaseTests", "OddJob.Storage.BaseTests\GlutenFree.OddJob.Storage.BaseTests.csproj", "{6F6AA4D7-A77C-4C32-8F10-1240AD39FB11}"
EndProject
Project("{9A19103F-16F7-4668-BE54-9A1E7A4F7556}") = "GlutenFree.OddJob.Storage.Sql.SQLite", "OddJob.Storage.SQLite\GlutenFree.OddJob.Storage.Sql.SQLite.csproj", "{29E7E72F-E6C0-41F6-A613-4AFF6C402F14}"
EndProject
Project("{9A19103F-16F7-4668-BE54-9A1E7A4F7556}") = "GlutenFree.OddJob.Storage.Sql.Common", "OddJob.Storage.SQL.Common\GlutenFree.OddJob.Storage.Sql.Common.csproj", "{AFBE476A-4893-4F86-B4C1-91054BEA9B33}"
EndProject
Project("{2150E333-8FDC-42A3-9474-1A3956D46DE8}") = "Execution", "Execution", "{816B1219-AC6D-407E-A0C8-82CCDF7E41B3}"
EndProject
Project("{2150E333-8FDC-42A3-9474-1A3956D46DE8}") = "Storage", "Storage", "{96997457-A8B5-48B7-BF68-A69EB55B13FC}"
EndProject
Project("{2150E333-8FDC-42A3-9474-1A3956D46DE8}") = "Samples", "Samples", "{A66DC2B1-1CB9-4B98-A141-C684CFF20B89}"
EndProject
Project("{2150E333-8FDC-42A3-9474-1A3956D46DE8}") = "Sql", "Sql", "{7D6DF53C-4F9A-4498-8C56-C20787417166}"
EndProject
Project("{2150E333-8FDC-42A3-9474-1A3956D46DE8}") = "SqlServer", "SqlServer", "{4CFC46BD-CA09-4ACC-9CAF-2A4E6B06950F}"
EndProject
Project("{2150E333-8FDC-42A3-9474-1A3956D46DE8}") = "SqLite", "SqLite", "{7C879A5D-DDFE-4FAA-A45D-F93673D21142}"
EndProject
Project("{2150E333-8FDC-42A3-9474-1A3956D46DE8}") = "FileSystem", "FileSystem", "{DD4A99A0-F2EE-4F44-9253-F47121D0F53C}"
EndProject
Project("{2150E333-8FDC-42A3-9474-1A3956D46DE8}") = "Core", "Core", "{485C90AE-0202-4A4A-9894-4678926966AB}"
EndProject
Project("{9A19103F-16F7-4668-BE54-9A1E7A4F7556}") = "GlutenFree.OddJob.Storage.Sql.SQLite.Test", "GlutenFree.OddJob.Storage.Sql.SQLite.Test\GlutenFree.OddJob.Storage.Sql.SQLite.Test.csproj", "{D7F1EE7C-7E1B-4C1D-A955-E905590FAE26}"
EndProject
Project("{FAE04EC0-301F-11D3-BF4B-00C04F79EFBC}") = "GlutenFree.OddJob.Execution.ThreadPool", "GlutenFree.OddJob.Execution.ThreadPool\GlutenFree.OddJob.Execution.ThreadPool.csproj", "{8F4D96A6-F2F7-4307-9729-088C3869787A}"
EndProject
Project("{FAE04EC0-301F-11D3-BF4B-00C04F79EFBC}") = "GlutenFree.OddJob.Execution.ThreadPool.Test", "GlutenFree.OddJob.Execution.ThreadPool.Test\GlutenFree.OddJob.Execution.ThreadPool.Test.csproj", "{3242458B-9ACB-4BA4-8E62-CDA9462A806E}"
EndProject
Project("{9A19103F-16F7-4668-BE54-9A1E7A4F7556}") = "GlutenFree.OddJob.Execution.BaseTests", "GlutenFree.OddJob.Execution.BaseTests\GlutenFree.OddJob.Execution.BaseTests.csproj", "{902A85A5-7CC6-44DC-AD84-AD92B264D424}"
EndProject
Project("{9A19103F-16F7-4668-BE54-9A1E7A4F7556}") = "GlutenFree.OddJob.Serializable", "GlutenFree.OddJob.Serializable\GlutenFree.OddJob.Serializable.csproj", "{31542FC2-91FF-46D7-B779-75FE0BC6D694}"
EndProject
Project("{9A19103F-16F7-4668-BE54-9A1E7A4F7556}") = "GlutenFree.OddJob.Serializable.Tests", "GlutenFree.OddJob.Serializable.Tests\GlutenFree.OddJob.Serializable.Tests.csproj", "{E19C0B99-011B-49F3-B7DC-C3BC7D3EF4FF}"
EndProject
Project("{9A19103F-16F7-4668-BE54-9A1E7A4F7556}") = "GlutenFree.OddJob.Samples.Serialized.CommandAggregator", "GlutenFree.OddJob.Samples.Serialized.CommandAggregator\GlutenFree.OddJob.Samples.Serialized.CommandAggregator.csproj", "{501CD55E-49FF-47BD-B355-19EEE25FD110}"
EndProject
Project("{2150E333-8FDC-42A3-9474-1A3956D46DE8}") = "Manager", "Manager", "{0096598A-6564-4255-A1CD-B4097FC07179}"
EndProject
Project("{9A19103F-16F7-4668-BE54-9A1E7A4F7556}") = "GlutenFree.OddJob.Returnable", "GlutenFree.OddJob.Returnable\GlutenFree.OddJob.Returnable.csproj", "{5014D759-62EA-4DC5-A684-61F550961A96}"
EndProject
Project("{9A19103F-16F7-4668-BE54-9A1E7A4F7556}") = "GlutenFree.Linq2Db.Helpers", "GlutenFree.Linq2Db.Helpers\GlutenFree.Linq2Db.Helpers.csproj", "{7B4F5D3A-819D-47C8-A5A1-921B0AE02910}"
EndProject
Project("{FAE04EC0-301F-11D3-BF4B-00C04F79EFBC}") = "GlutenFree.OddJob.Manager.Presentation.WS", "GlutenFree.OddJob.Manager.Presentation.WS\GlutenFree.OddJob.Manager.Presentation.WS.csproj", "{561043AC-7E1E-48DA-B544-480EADE8C0E1}"
EndProject
Project("{9A19103F-16F7-4668-BE54-9A1E7A4F7556}") = "GlutenFree.OddJob.Manager.Presentation.WS_AspnetCore", "GlutenFree.OddJob.Manager.Presentation.WS-AspnetCore\GlutenFree.OddJob.Manager.Presentation.WS_AspnetCore.csproj", "{6B8C993B-D075-4DD5-9E69-26BD0D85C946}"
EndProject
Project("{9A19103F-16F7-4668-BE54-9A1E7A4F7556}") = "GlutenFree.OddJob.Storage.Sql.BaseTests", "GlutenFree.OddJob.Storage.Sql.BaseTests\GlutenFree.OddJob.Storage.Sql.BaseTests.csproj", "{288C4DBF-6C26-43FE-898D-2C95BD90DDD0}"
EndProject
Project("{9A19103F-16F7-4668-BE54-9A1E7A4F7556}") = "GlutenFree.OddJob.Storage.Sql.TableHelper", "GlutenFree.OddJob.Storage.Sql.TableHelper\GlutenFree.OddJob.Storage.Sql.TableHelper.csproj", "{9B953BFD-96B0-4238-9498-6C8E77AACCDD}"
EndProject
Project("{9A19103F-16F7-4668-BE54-9A1E7A4F7556}") = "GlutenFree.Linq2Db.FluentMigrator.Helpers", "GlutenFree.Linq2Db.FluentMigrator.Helpers\GlutenFree.Linq2Db.FluentMigrator.Helpers.csproj", "{794BDE6E-57A7-45B6-966F-144E814593B2}"
EndProject
Project("{FAE04EC0-301F-11D3-BF4B-00C04F79EFBC}") = "OddJob.RpcServer", "OddJob.RpcServer\OddJob.RpcServer.csproj", "{E01E47E9-185C-4348-AEF5-00717528C01A}"
EndProject
Project("{FAE04EC0-301F-11D3-BF4B-00C04F79EFBC}") = "GlutenFree.OddJob.Execution.Akka.Plugin.JobResultWriter", "GlutenFree.OddJob.Execution.Akka.Plugin.JobResultWriter\GlutenFree.OddJob.Execution.Akka.Plugin.JobResultWriter.csproj", "{A5B8FDBD-5AD0-4B77-B218-5C5062D62AF7}"
EndProject
Project("{FAE04EC0-301F-11D3-BF4B-00C04F79EFBC}") = "GlutenFree.OddJob.PerfTests", "GlutenFree.OddJob.PerfTests\GlutenFree.OddJob.PerfTests.csproj", "{53C960E7-4D66-472D-8AFB-C6CDDE369C5E}"
EndProject
Project("{FAE04EC0-301F-11D3-BF4B-00C04F79EFBC}") = "BenchRunner", "BenchRunner\BenchRunner.csproj", "{EE241625-929A-491C-9358-E90BA7B485BA}"
EndProject
Project("{2150E333-8FDC-42A3-9474-1A3956D46DE8}") = "Rpc", "Rpc", "{31F1B59F-0C11-4C3C-8801-1739B78A95C1}"
EndProject
Project("{FAE04EC0-301F-11D3-BF4B-00C04F79EFBC}") = "OddJob.Rpc", "OddJob.Rpc\OddJob.Rpc.csproj", "{C01F64C7-51F9-4E73-B5C8-5CA996AA70B7}"
EndProject
Project("{FAE04EC0-301F-11D3-BF4B-00C04F79EFBC}") = "OddJob.Rpc.MagicOnion.PerfSampl", "OddJob.Rpc.MagicOnion.PerfSampl\OddJob.Rpc.MagicOnion.PerfSampl.csproj", "{DA9856D7-5184-4600-91CA-4AE9E0D4EDA2}"
EndProject
Project("{FAE04EC0-301F-11D3-BF4B-00C04F79EFBC}") = "OddJob.Rpc.Client", "OddJob.Rpc.Client\OddJob.Rpc.Client.csproj", "{D73DB4B5-6C30-4323-9717-514B6F67C99A}"
EndProject
Project("{FAE04EC0-301F-11D3-BF4B-00C04F79EFBC}") = "OddJob.Rpc.Execution.Plugin", "OddJob.Rpc.Execution.Plugin\OddJob.Rpc.Execution.Plugin.csproj", "{CAF77E59-E7D3-4801-BFCD-07F693459115}"
EndProject
Project("{FAE04EC0-301F-11D3-BF4B-00C04F79EFBC}") = "OddJob.Rpc.MagicOnion.AkkaSample", "OddJob.Rpc.MagicOnion.AkkaSample\OddJob.Rpc.MagicOnion.AkkaSample.csproj", "{FBD2D2BC-A258-4D95-84AC-8C88B416DBE4}"
EndProject
Global
	GlobalSection(SolutionConfigurationPlatforms) = preSolution
		Debug|Any CPU = Debug|Any CPU
		Debug|ARM = Debug|ARM
		Debug|x64 = Debug|x64
		Debug|x86 = Debug|x86
		Release|Any CPU = Release|Any CPU
		Release|ARM = Release|ARM
		Release|x64 = Release|x64
		Release|x86 = Release|x86
	EndGlobalSection
	GlobalSection(ProjectConfigurationPlatforms) = postSolution
		{AA34BEA9-12EC-4BF0-A6E0-9C459A4EBAE9}.Debug|Any CPU.ActiveCfg = Debug|Any CPU
		{AA34BEA9-12EC-4BF0-A6E0-9C459A4EBAE9}.Debug|Any CPU.Build.0 = Debug|Any CPU
		{AA34BEA9-12EC-4BF0-A6E0-9C459A4EBAE9}.Debug|ARM.ActiveCfg = Debug|Any CPU
		{AA34BEA9-12EC-4BF0-A6E0-9C459A4EBAE9}.Debug|ARM.Build.0 = Debug|Any CPU
		{AA34BEA9-12EC-4BF0-A6E0-9C459A4EBAE9}.Debug|x64.ActiveCfg = Debug|Any CPU
		{AA34BEA9-12EC-4BF0-A6E0-9C459A4EBAE9}.Debug|x64.Build.0 = Debug|Any CPU
		{AA34BEA9-12EC-4BF0-A6E0-9C459A4EBAE9}.Debug|x86.ActiveCfg = Debug|Any CPU
		{AA34BEA9-12EC-4BF0-A6E0-9C459A4EBAE9}.Debug|x86.Build.0 = Debug|Any CPU
		{AA34BEA9-12EC-4BF0-A6E0-9C459A4EBAE9}.Release|Any CPU.ActiveCfg = Release|Any CPU
		{AA34BEA9-12EC-4BF0-A6E0-9C459A4EBAE9}.Release|Any CPU.Build.0 = Release|Any CPU
		{AA34BEA9-12EC-4BF0-A6E0-9C459A4EBAE9}.Release|ARM.ActiveCfg = Release|Any CPU
		{AA34BEA9-12EC-4BF0-A6E0-9C459A4EBAE9}.Release|ARM.Build.0 = Release|Any CPU
		{AA34BEA9-12EC-4BF0-A6E0-9C459A4EBAE9}.Release|x64.ActiveCfg = Release|Any CPU
		{AA34BEA9-12EC-4BF0-A6E0-9C459A4EBAE9}.Release|x64.Build.0 = Release|Any CPU
		{AA34BEA9-12EC-4BF0-A6E0-9C459A4EBAE9}.Release|x86.ActiveCfg = Release|Any CPU
		{AA34BEA9-12EC-4BF0-A6E0-9C459A4EBAE9}.Release|x86.Build.0 = Release|Any CPU
		{033469ED-9C96-4F49-BEF8-D373029799B3}.Debug|Any CPU.ActiveCfg = Debug|Any CPU
		{033469ED-9C96-4F49-BEF8-D373029799B3}.Debug|Any CPU.Build.0 = Debug|Any CPU
		{033469ED-9C96-4F49-BEF8-D373029799B3}.Debug|ARM.ActiveCfg = Debug|Any CPU
		{033469ED-9C96-4F49-BEF8-D373029799B3}.Debug|ARM.Build.0 = Debug|Any CPU
		{033469ED-9C96-4F49-BEF8-D373029799B3}.Debug|x64.ActiveCfg = Debug|Any CPU
		{033469ED-9C96-4F49-BEF8-D373029799B3}.Debug|x64.Build.0 = Debug|Any CPU
		{033469ED-9C96-4F49-BEF8-D373029799B3}.Debug|x86.ActiveCfg = Debug|Any CPU
		{033469ED-9C96-4F49-BEF8-D373029799B3}.Debug|x86.Build.0 = Debug|Any CPU
		{033469ED-9C96-4F49-BEF8-D373029799B3}.Release|Any CPU.ActiveCfg = Release|Any CPU
		{033469ED-9C96-4F49-BEF8-D373029799B3}.Release|Any CPU.Build.0 = Release|Any CPU
		{033469ED-9C96-4F49-BEF8-D373029799B3}.Release|ARM.ActiveCfg = Release|Any CPU
		{033469ED-9C96-4F49-BEF8-D373029799B3}.Release|ARM.Build.0 = Release|Any CPU
		{033469ED-9C96-4F49-BEF8-D373029799B3}.Release|x64.ActiveCfg = Release|Any CPU
		{033469ED-9C96-4F49-BEF8-D373029799B3}.Release|x64.Build.0 = Release|Any CPU
		{033469ED-9C96-4F49-BEF8-D373029799B3}.Release|x86.ActiveCfg = Release|Any CPU
		{033469ED-9C96-4F49-BEF8-D373029799B3}.Release|x86.Build.0 = Release|Any CPU
		{0AE03157-A9B2-4FBD-8DB7-36DC09EE01D3}.Debug|Any CPU.ActiveCfg = Debug|Any CPU
		{0AE03157-A9B2-4FBD-8DB7-36DC09EE01D3}.Debug|Any CPU.Build.0 = Debug|Any CPU
		{0AE03157-A9B2-4FBD-8DB7-36DC09EE01D3}.Debug|ARM.ActiveCfg = Debug|Any CPU
		{0AE03157-A9B2-4FBD-8DB7-36DC09EE01D3}.Debug|ARM.Build.0 = Debug|Any CPU
		{0AE03157-A9B2-4FBD-8DB7-36DC09EE01D3}.Debug|x64.ActiveCfg = Debug|Any CPU
		{0AE03157-A9B2-4FBD-8DB7-36DC09EE01D3}.Debug|x64.Build.0 = Debug|Any CPU
		{0AE03157-A9B2-4FBD-8DB7-36DC09EE01D3}.Debug|x86.ActiveCfg = Debug|Any CPU
		{0AE03157-A9B2-4FBD-8DB7-36DC09EE01D3}.Debug|x86.Build.0 = Debug|Any CPU
		{0AE03157-A9B2-4FBD-8DB7-36DC09EE01D3}.Release|Any CPU.ActiveCfg = Release|Any CPU
		{0AE03157-A9B2-4FBD-8DB7-36DC09EE01D3}.Release|Any CPU.Build.0 = Release|Any CPU
		{0AE03157-A9B2-4FBD-8DB7-36DC09EE01D3}.Release|ARM.ActiveCfg = Release|Any CPU
		{0AE03157-A9B2-4FBD-8DB7-36DC09EE01D3}.Release|ARM.Build.0 = Release|Any CPU
		{0AE03157-A9B2-4FBD-8DB7-36DC09EE01D3}.Release|x64.ActiveCfg = Release|Any CPU
		{0AE03157-A9B2-4FBD-8DB7-36DC09EE01D3}.Release|x64.Build.0 = Release|Any CPU
		{0AE03157-A9B2-4FBD-8DB7-36DC09EE01D3}.Release|x86.ActiveCfg = Release|Any CPU
		{0AE03157-A9B2-4FBD-8DB7-36DC09EE01D3}.Release|x86.Build.0 = Release|Any CPU
		{FC326F53-373D-4C40-B5F5-C307A96B49A3}.Debug|Any CPU.ActiveCfg = Debug|Any CPU
		{FC326F53-373D-4C40-B5F5-C307A96B49A3}.Debug|Any CPU.Build.0 = Debug|Any CPU
		{FC326F53-373D-4C40-B5F5-C307A96B49A3}.Debug|ARM.ActiveCfg = Debug|Any CPU
		{FC326F53-373D-4C40-B5F5-C307A96B49A3}.Debug|ARM.Build.0 = Debug|Any CPU
		{FC326F53-373D-4C40-B5F5-C307A96B49A3}.Debug|x64.ActiveCfg = Debug|Any CPU
		{FC326F53-373D-4C40-B5F5-C307A96B49A3}.Debug|x64.Build.0 = Debug|Any CPU
		{FC326F53-373D-4C40-B5F5-C307A96B49A3}.Debug|x86.ActiveCfg = Debug|Any CPU
		{FC326F53-373D-4C40-B5F5-C307A96B49A3}.Debug|x86.Build.0 = Debug|Any CPU
		{FC326F53-373D-4C40-B5F5-C307A96B49A3}.Release|Any CPU.ActiveCfg = Release|Any CPU
		{FC326F53-373D-4C40-B5F5-C307A96B49A3}.Release|Any CPU.Build.0 = Release|Any CPU
		{FC326F53-373D-4C40-B5F5-C307A96B49A3}.Release|ARM.ActiveCfg = Release|Any CPU
		{FC326F53-373D-4C40-B5F5-C307A96B49A3}.Release|ARM.Build.0 = Release|Any CPU
		{FC326F53-373D-4C40-B5F5-C307A96B49A3}.Release|x64.ActiveCfg = Release|Any CPU
		{FC326F53-373D-4C40-B5F5-C307A96B49A3}.Release|x64.Build.0 = Release|Any CPU
		{FC326F53-373D-4C40-B5F5-C307A96B49A3}.Release|x86.ActiveCfg = Release|Any CPU
		{FC326F53-373D-4C40-B5F5-C307A96B49A3}.Release|x86.Build.0 = Release|Any CPU
		{55035D4F-B1DB-4DFD-BB92-33BB1C96183A}.Debug|Any CPU.ActiveCfg = Debug|Any CPU
		{55035D4F-B1DB-4DFD-BB92-33BB1C96183A}.Debug|Any CPU.Build.0 = Debug|Any CPU
		{55035D4F-B1DB-4DFD-BB92-33BB1C96183A}.Debug|ARM.ActiveCfg = Debug|Any CPU
		{55035D4F-B1DB-4DFD-BB92-33BB1C96183A}.Debug|ARM.Build.0 = Debug|Any CPU
		{55035D4F-B1DB-4DFD-BB92-33BB1C96183A}.Debug|x64.ActiveCfg = Debug|Any CPU
		{55035D4F-B1DB-4DFD-BB92-33BB1C96183A}.Debug|x64.Build.0 = Debug|Any CPU
		{55035D4F-B1DB-4DFD-BB92-33BB1C96183A}.Debug|x86.ActiveCfg = Debug|Any CPU
		{55035D4F-B1DB-4DFD-BB92-33BB1C96183A}.Debug|x86.Build.0 = Debug|Any CPU
		{55035D4F-B1DB-4DFD-BB92-33BB1C96183A}.Release|Any CPU.ActiveCfg = Release|Any CPU
		{55035D4F-B1DB-4DFD-BB92-33BB1C96183A}.Release|Any CPU.Build.0 = Release|Any CPU
		{55035D4F-B1DB-4DFD-BB92-33BB1C96183A}.Release|ARM.ActiveCfg = Release|Any CPU
		{55035D4F-B1DB-4DFD-BB92-33BB1C96183A}.Release|ARM.Build.0 = Release|Any CPU
		{55035D4F-B1DB-4DFD-BB92-33BB1C96183A}.Release|x64.ActiveCfg = Release|Any CPU
		{55035D4F-B1DB-4DFD-BB92-33BB1C96183A}.Release|x64.Build.0 = Release|Any CPU
		{55035D4F-B1DB-4DFD-BB92-33BB1C96183A}.Release|x86.ActiveCfg = Release|Any CPU
		{55035D4F-B1DB-4DFD-BB92-33BB1C96183A}.Release|x86.Build.0 = Release|Any CPU
		{D5D7AA25-80C6-4556-BD44-0E3DA3123E3E}.Debug|Any CPU.ActiveCfg = Debug|Any CPU
		{D5D7AA25-80C6-4556-BD44-0E3DA3123E3E}.Debug|Any CPU.Build.0 = Debug|Any CPU
		{D5D7AA25-80C6-4556-BD44-0E3DA3123E3E}.Debug|ARM.ActiveCfg = Debug|Any CPU
		{D5D7AA25-80C6-4556-BD44-0E3DA3123E3E}.Debug|ARM.Build.0 = Debug|Any CPU
		{D5D7AA25-80C6-4556-BD44-0E3DA3123E3E}.Debug|x64.ActiveCfg = Debug|Any CPU
		{D5D7AA25-80C6-4556-BD44-0E3DA3123E3E}.Debug|x64.Build.0 = Debug|Any CPU
		{D5D7AA25-80C6-4556-BD44-0E3DA3123E3E}.Debug|x86.ActiveCfg = Debug|Any CPU
		{D5D7AA25-80C6-4556-BD44-0E3DA3123E3E}.Debug|x86.Build.0 = Debug|Any CPU
		{D5D7AA25-80C6-4556-BD44-0E3DA3123E3E}.Release|Any CPU.ActiveCfg = Release|Any CPU
		{D5D7AA25-80C6-4556-BD44-0E3DA3123E3E}.Release|Any CPU.Build.0 = Release|Any CPU
		{D5D7AA25-80C6-4556-BD44-0E3DA3123E3E}.Release|ARM.ActiveCfg = Release|Any CPU
		{D5D7AA25-80C6-4556-BD44-0E3DA3123E3E}.Release|ARM.Build.0 = Release|Any CPU
		{D5D7AA25-80C6-4556-BD44-0E3DA3123E3E}.Release|x64.ActiveCfg = Release|Any CPU
		{D5D7AA25-80C6-4556-BD44-0E3DA3123E3E}.Release|x64.Build.0 = Release|Any CPU
		{D5D7AA25-80C6-4556-BD44-0E3DA3123E3E}.Release|x86.ActiveCfg = Release|Any CPU
		{D5D7AA25-80C6-4556-BD44-0E3DA3123E3E}.Release|x86.Build.0 = Release|Any CPU
		{E8BD023A-4BEC-40B9-8FCA-FEB200922DCD}.Debug|Any CPU.ActiveCfg = Debug|Any CPU
		{E8BD023A-4BEC-40B9-8FCA-FEB200922DCD}.Debug|Any CPU.Build.0 = Debug|Any CPU
		{E8BD023A-4BEC-40B9-8FCA-FEB200922DCD}.Debug|ARM.ActiveCfg = Debug|Any CPU
		{E8BD023A-4BEC-40B9-8FCA-FEB200922DCD}.Debug|ARM.Build.0 = Debug|Any CPU
		{E8BD023A-4BEC-40B9-8FCA-FEB200922DCD}.Debug|x64.ActiveCfg = Debug|Any CPU
		{E8BD023A-4BEC-40B9-8FCA-FEB200922DCD}.Debug|x64.Build.0 = Debug|Any CPU
		{E8BD023A-4BEC-40B9-8FCA-FEB200922DCD}.Debug|x86.ActiveCfg = Debug|Any CPU
		{E8BD023A-4BEC-40B9-8FCA-FEB200922DCD}.Debug|x86.Build.0 = Debug|Any CPU
		{E8BD023A-4BEC-40B9-8FCA-FEB200922DCD}.Release|Any CPU.ActiveCfg = Release|Any CPU
		{E8BD023A-4BEC-40B9-8FCA-FEB200922DCD}.Release|Any CPU.Build.0 = Release|Any CPU
		{E8BD023A-4BEC-40B9-8FCA-FEB200922DCD}.Release|ARM.ActiveCfg = Release|Any CPU
		{E8BD023A-4BEC-40B9-8FCA-FEB200922DCD}.Release|ARM.Build.0 = Release|Any CPU
		{E8BD023A-4BEC-40B9-8FCA-FEB200922DCD}.Release|x64.ActiveCfg = Release|Any CPU
		{E8BD023A-4BEC-40B9-8FCA-FEB200922DCD}.Release|x64.Build.0 = Release|Any CPU
		{E8BD023A-4BEC-40B9-8FCA-FEB200922DCD}.Release|x86.ActiveCfg = Release|Any CPU
		{E8BD023A-4BEC-40B9-8FCA-FEB200922DCD}.Release|x86.Build.0 = Release|Any CPU
		{9DB8AC09-E124-4133-97BC-6A13F1BB0B2A}.Debug|Any CPU.ActiveCfg = Debug|Any CPU
		{9DB8AC09-E124-4133-97BC-6A13F1BB0B2A}.Debug|Any CPU.Build.0 = Debug|Any CPU
		{9DB8AC09-E124-4133-97BC-6A13F1BB0B2A}.Debug|ARM.ActiveCfg = Debug|Any CPU
		{9DB8AC09-E124-4133-97BC-6A13F1BB0B2A}.Debug|ARM.Build.0 = Debug|Any CPU
		{9DB8AC09-E124-4133-97BC-6A13F1BB0B2A}.Debug|x64.ActiveCfg = Debug|Any CPU
		{9DB8AC09-E124-4133-97BC-6A13F1BB0B2A}.Debug|x64.Build.0 = Debug|Any CPU
		{9DB8AC09-E124-4133-97BC-6A13F1BB0B2A}.Debug|x86.ActiveCfg = Debug|Any CPU
		{9DB8AC09-E124-4133-97BC-6A13F1BB0B2A}.Debug|x86.Build.0 = Debug|Any CPU
		{9DB8AC09-E124-4133-97BC-6A13F1BB0B2A}.Release|Any CPU.ActiveCfg = Release|Any CPU
		{9DB8AC09-E124-4133-97BC-6A13F1BB0B2A}.Release|Any CPU.Build.0 = Release|Any CPU
		{9DB8AC09-E124-4133-97BC-6A13F1BB0B2A}.Release|ARM.ActiveCfg = Release|Any CPU
		{9DB8AC09-E124-4133-97BC-6A13F1BB0B2A}.Release|ARM.Build.0 = Release|Any CPU
		{9DB8AC09-E124-4133-97BC-6A13F1BB0B2A}.Release|x64.ActiveCfg = Release|Any CPU
		{9DB8AC09-E124-4133-97BC-6A13F1BB0B2A}.Release|x64.Build.0 = Release|Any CPU
		{9DB8AC09-E124-4133-97BC-6A13F1BB0B2A}.Release|x86.ActiveCfg = Release|Any CPU
		{9DB8AC09-E124-4133-97BC-6A13F1BB0B2A}.Release|x86.Build.0 = Release|Any CPU
		{9E9CB318-9CBE-409B-9E4C-6B2EFAB570B9}.Debug|Any CPU.ActiveCfg = Debug|Any CPU
		{9E9CB318-9CBE-409B-9E4C-6B2EFAB570B9}.Debug|Any CPU.Build.0 = Debug|Any CPU
		{9E9CB318-9CBE-409B-9E4C-6B2EFAB570B9}.Debug|ARM.ActiveCfg = Debug|Any CPU
		{9E9CB318-9CBE-409B-9E4C-6B2EFAB570B9}.Debug|ARM.Build.0 = Debug|Any CPU
		{9E9CB318-9CBE-409B-9E4C-6B2EFAB570B9}.Debug|x64.ActiveCfg = Debug|Any CPU
		{9E9CB318-9CBE-409B-9E4C-6B2EFAB570B9}.Debug|x64.Build.0 = Debug|Any CPU
		{9E9CB318-9CBE-409B-9E4C-6B2EFAB570B9}.Debug|x86.ActiveCfg = Debug|Any CPU
		{9E9CB318-9CBE-409B-9E4C-6B2EFAB570B9}.Debug|x86.Build.0 = Debug|Any CPU
		{9E9CB318-9CBE-409B-9E4C-6B2EFAB570B9}.Release|Any CPU.ActiveCfg = Release|Any CPU
		{9E9CB318-9CBE-409B-9E4C-6B2EFAB570B9}.Release|Any CPU.Build.0 = Release|Any CPU
		{9E9CB318-9CBE-409B-9E4C-6B2EFAB570B9}.Release|ARM.ActiveCfg = Release|Any CPU
		{9E9CB318-9CBE-409B-9E4C-6B2EFAB570B9}.Release|ARM.Build.0 = Release|Any CPU
		{9E9CB318-9CBE-409B-9E4C-6B2EFAB570B9}.Release|x64.ActiveCfg = Release|Any CPU
		{9E9CB318-9CBE-409B-9E4C-6B2EFAB570B9}.Release|x64.Build.0 = Release|Any CPU
		{9E9CB318-9CBE-409B-9E4C-6B2EFAB570B9}.Release|x86.ActiveCfg = Release|Any CPU
		{9E9CB318-9CBE-409B-9E4C-6B2EFAB570B9}.Release|x86.Build.0 = Release|Any CPU
		{6F6AA4D7-A77C-4C32-8F10-1240AD39FB11}.Debug|Any CPU.ActiveCfg = Debug|Any CPU
		{6F6AA4D7-A77C-4C32-8F10-1240AD39FB11}.Debug|Any CPU.Build.0 = Debug|Any CPU
		{6F6AA4D7-A77C-4C32-8F10-1240AD39FB11}.Debug|ARM.ActiveCfg = Debug|Any CPU
		{6F6AA4D7-A77C-4C32-8F10-1240AD39FB11}.Debug|ARM.Build.0 = Debug|Any CPU
		{6F6AA4D7-A77C-4C32-8F10-1240AD39FB11}.Debug|x64.ActiveCfg = Debug|Any CPU
		{6F6AA4D7-A77C-4C32-8F10-1240AD39FB11}.Debug|x64.Build.0 = Debug|Any CPU
		{6F6AA4D7-A77C-4C32-8F10-1240AD39FB11}.Debug|x86.ActiveCfg = Debug|Any CPU
		{6F6AA4D7-A77C-4C32-8F10-1240AD39FB11}.Debug|x86.Build.0 = Debug|Any CPU
		{6F6AA4D7-A77C-4C32-8F10-1240AD39FB11}.Release|Any CPU.ActiveCfg = Release|Any CPU
		{6F6AA4D7-A77C-4C32-8F10-1240AD39FB11}.Release|Any CPU.Build.0 = Release|Any CPU
		{6F6AA4D7-A77C-4C32-8F10-1240AD39FB11}.Release|ARM.ActiveCfg = Release|Any CPU
		{6F6AA4D7-A77C-4C32-8F10-1240AD39FB11}.Release|ARM.Build.0 = Release|Any CPU
		{6F6AA4D7-A77C-4C32-8F10-1240AD39FB11}.Release|x64.ActiveCfg = Release|Any CPU
		{6F6AA4D7-A77C-4C32-8F10-1240AD39FB11}.Release|x64.Build.0 = Release|Any CPU
		{6F6AA4D7-A77C-4C32-8F10-1240AD39FB11}.Release|x86.ActiveCfg = Release|Any CPU
		{6F6AA4D7-A77C-4C32-8F10-1240AD39FB11}.Release|x86.Build.0 = Release|Any CPU
		{29E7E72F-E6C0-41F6-A613-4AFF6C402F14}.Debug|Any CPU.ActiveCfg = Debug|Any CPU
		{29E7E72F-E6C0-41F6-A613-4AFF6C402F14}.Debug|Any CPU.Build.0 = Debug|Any CPU
		{29E7E72F-E6C0-41F6-A613-4AFF6C402F14}.Debug|ARM.ActiveCfg = Debug|Any CPU
		{29E7E72F-E6C0-41F6-A613-4AFF6C402F14}.Debug|ARM.Build.0 = Debug|Any CPU
		{29E7E72F-E6C0-41F6-A613-4AFF6C402F14}.Debug|x64.ActiveCfg = Debug|Any CPU
		{29E7E72F-E6C0-41F6-A613-4AFF6C402F14}.Debug|x64.Build.0 = Debug|Any CPU
		{29E7E72F-E6C0-41F6-A613-4AFF6C402F14}.Debug|x86.ActiveCfg = Debug|Any CPU
		{29E7E72F-E6C0-41F6-A613-4AFF6C402F14}.Debug|x86.Build.0 = Debug|Any CPU
		{29E7E72F-E6C0-41F6-A613-4AFF6C402F14}.Release|Any CPU.ActiveCfg = Release|Any CPU
		{29E7E72F-E6C0-41F6-A613-4AFF6C402F14}.Release|Any CPU.Build.0 = Release|Any CPU
		{29E7E72F-E6C0-41F6-A613-4AFF6C402F14}.Release|ARM.ActiveCfg = Release|Any CPU
		{29E7E72F-E6C0-41F6-A613-4AFF6C402F14}.Release|ARM.Build.0 = Release|Any CPU
		{29E7E72F-E6C0-41F6-A613-4AFF6C402F14}.Release|x64.ActiveCfg = Release|Any CPU
		{29E7E72F-E6C0-41F6-A613-4AFF6C402F14}.Release|x64.Build.0 = Release|Any CPU
		{29E7E72F-E6C0-41F6-A613-4AFF6C402F14}.Release|x86.ActiveCfg = Release|Any CPU
		{29E7E72F-E6C0-41F6-A613-4AFF6C402F14}.Release|x86.Build.0 = Release|Any CPU
		{AFBE476A-4893-4F86-B4C1-91054BEA9B33}.Debug|Any CPU.ActiveCfg = Debug|Any CPU
		{AFBE476A-4893-4F86-B4C1-91054BEA9B33}.Debug|Any CPU.Build.0 = Debug|Any CPU
		{AFBE476A-4893-4F86-B4C1-91054BEA9B33}.Debug|ARM.ActiveCfg = Debug|Any CPU
		{AFBE476A-4893-4F86-B4C1-91054BEA9B33}.Debug|ARM.Build.0 = Debug|Any CPU
		{AFBE476A-4893-4F86-B4C1-91054BEA9B33}.Debug|x64.ActiveCfg = Debug|Any CPU
		{AFBE476A-4893-4F86-B4C1-91054BEA9B33}.Debug|x64.Build.0 = Debug|Any CPU
		{AFBE476A-4893-4F86-B4C1-91054BEA9B33}.Debug|x86.ActiveCfg = Debug|Any CPU
		{AFBE476A-4893-4F86-B4C1-91054BEA9B33}.Debug|x86.Build.0 = Debug|Any CPU
		{AFBE476A-4893-4F86-B4C1-91054BEA9B33}.Release|Any CPU.ActiveCfg = Release|Any CPU
		{AFBE476A-4893-4F86-B4C1-91054BEA9B33}.Release|Any CPU.Build.0 = Release|Any CPU
		{AFBE476A-4893-4F86-B4C1-91054BEA9B33}.Release|ARM.ActiveCfg = Release|Any CPU
		{AFBE476A-4893-4F86-B4C1-91054BEA9B33}.Release|ARM.Build.0 = Release|Any CPU
		{AFBE476A-4893-4F86-B4C1-91054BEA9B33}.Release|x64.ActiveCfg = Release|Any CPU
		{AFBE476A-4893-4F86-B4C1-91054BEA9B33}.Release|x64.Build.0 = Release|Any CPU
		{AFBE476A-4893-4F86-B4C1-91054BEA9B33}.Release|x86.ActiveCfg = Release|Any CPU
		{AFBE476A-4893-4F86-B4C1-91054BEA9B33}.Release|x86.Build.0 = Release|Any CPU
		{D7F1EE7C-7E1B-4C1D-A955-E905590FAE26}.Debug|Any CPU.ActiveCfg = Debug|Any CPU
		{D7F1EE7C-7E1B-4C1D-A955-E905590FAE26}.Debug|Any CPU.Build.0 = Debug|Any CPU
		{D7F1EE7C-7E1B-4C1D-A955-E905590FAE26}.Debug|ARM.ActiveCfg = Debug|Any CPU
		{D7F1EE7C-7E1B-4C1D-A955-E905590FAE26}.Debug|ARM.Build.0 = Debug|Any CPU
		{D7F1EE7C-7E1B-4C1D-A955-E905590FAE26}.Debug|x64.ActiveCfg = Debug|Any CPU
		{D7F1EE7C-7E1B-4C1D-A955-E905590FAE26}.Debug|x64.Build.0 = Debug|Any CPU
		{D7F1EE7C-7E1B-4C1D-A955-E905590FAE26}.Debug|x86.ActiveCfg = Debug|Any CPU
		{D7F1EE7C-7E1B-4C1D-A955-E905590FAE26}.Debug|x86.Build.0 = Debug|Any CPU
		{D7F1EE7C-7E1B-4C1D-A955-E905590FAE26}.Release|Any CPU.ActiveCfg = Release|Any CPU
		{D7F1EE7C-7E1B-4C1D-A955-E905590FAE26}.Release|Any CPU.Build.0 = Release|Any CPU
		{D7F1EE7C-7E1B-4C1D-A955-E905590FAE26}.Release|ARM.ActiveCfg = Release|Any CPU
		{D7F1EE7C-7E1B-4C1D-A955-E905590FAE26}.Release|ARM.Build.0 = Release|Any CPU
		{D7F1EE7C-7E1B-4C1D-A955-E905590FAE26}.Release|x64.ActiveCfg = Release|Any CPU
		{D7F1EE7C-7E1B-4C1D-A955-E905590FAE26}.Release|x64.Build.0 = Release|Any CPU
		{D7F1EE7C-7E1B-4C1D-A955-E905590FAE26}.Release|x86.ActiveCfg = Release|Any CPU
		{D7F1EE7C-7E1B-4C1D-A955-E905590FAE26}.Release|x86.Build.0 = Release|Any CPU
		{8F4D96A6-F2F7-4307-9729-088C3869787A}.Debug|Any CPU.ActiveCfg = Debug|Any CPU
		{8F4D96A6-F2F7-4307-9729-088C3869787A}.Debug|Any CPU.Build.0 = Debug|Any CPU
		{8F4D96A6-F2F7-4307-9729-088C3869787A}.Debug|ARM.ActiveCfg = Debug|Any CPU
		{8F4D96A6-F2F7-4307-9729-088C3869787A}.Debug|ARM.Build.0 = Debug|Any CPU
		{8F4D96A6-F2F7-4307-9729-088C3869787A}.Debug|x64.ActiveCfg = Debug|Any CPU
		{8F4D96A6-F2F7-4307-9729-088C3869787A}.Debug|x64.Build.0 = Debug|Any CPU
		{8F4D96A6-F2F7-4307-9729-088C3869787A}.Debug|x86.ActiveCfg = Debug|Any CPU
		{8F4D96A6-F2F7-4307-9729-088C3869787A}.Debug|x86.Build.0 = Debug|Any CPU
		{8F4D96A6-F2F7-4307-9729-088C3869787A}.Release|Any CPU.ActiveCfg = Release|Any CPU
		{8F4D96A6-F2F7-4307-9729-088C3869787A}.Release|Any CPU.Build.0 = Release|Any CPU
		{8F4D96A6-F2F7-4307-9729-088C3869787A}.Release|ARM.ActiveCfg = Release|Any CPU
		{8F4D96A6-F2F7-4307-9729-088C3869787A}.Release|ARM.Build.0 = Release|Any CPU
		{8F4D96A6-F2F7-4307-9729-088C3869787A}.Release|x64.ActiveCfg = Release|Any CPU
		{8F4D96A6-F2F7-4307-9729-088C3869787A}.Release|x64.Build.0 = Release|Any CPU
		{8F4D96A6-F2F7-4307-9729-088C3869787A}.Release|x86.ActiveCfg = Release|Any CPU
		{8F4D96A6-F2F7-4307-9729-088C3869787A}.Release|x86.Build.0 = Release|Any CPU
		{3242458B-9ACB-4BA4-8E62-CDA9462A806E}.Debug|Any CPU.ActiveCfg = Debug|Any CPU
		{3242458B-9ACB-4BA4-8E62-CDA9462A806E}.Debug|Any CPU.Build.0 = Debug|Any CPU
		{3242458B-9ACB-4BA4-8E62-CDA9462A806E}.Debug|ARM.ActiveCfg = Debug|Any CPU
		{3242458B-9ACB-4BA4-8E62-CDA9462A806E}.Debug|ARM.Build.0 = Debug|Any CPU
		{3242458B-9ACB-4BA4-8E62-CDA9462A806E}.Debug|x64.ActiveCfg = Debug|Any CPU
		{3242458B-9ACB-4BA4-8E62-CDA9462A806E}.Debug|x64.Build.0 = Debug|Any CPU
		{3242458B-9ACB-4BA4-8E62-CDA9462A806E}.Debug|x86.ActiveCfg = Debug|Any CPU
		{3242458B-9ACB-4BA4-8E62-CDA9462A806E}.Debug|x86.Build.0 = Debug|Any CPU
		{3242458B-9ACB-4BA4-8E62-CDA9462A806E}.Release|Any CPU.ActiveCfg = Release|Any CPU
		{3242458B-9ACB-4BA4-8E62-CDA9462A806E}.Release|Any CPU.Build.0 = Release|Any CPU
		{3242458B-9ACB-4BA4-8E62-CDA9462A806E}.Release|ARM.ActiveCfg = Release|Any CPU
		{3242458B-9ACB-4BA4-8E62-CDA9462A806E}.Release|ARM.Build.0 = Release|Any CPU
		{3242458B-9ACB-4BA4-8E62-CDA9462A806E}.Release|x64.ActiveCfg = Release|Any CPU
		{3242458B-9ACB-4BA4-8E62-CDA9462A806E}.Release|x64.Build.0 = Release|Any CPU
		{3242458B-9ACB-4BA4-8E62-CDA9462A806E}.Release|x86.ActiveCfg = Release|Any CPU
		{3242458B-9ACB-4BA4-8E62-CDA9462A806E}.Release|x86.Build.0 = Release|Any CPU
		{902A85A5-7CC6-44DC-AD84-AD92B264D424}.Debug|Any CPU.ActiveCfg = Debug|Any CPU
		{902A85A5-7CC6-44DC-AD84-AD92B264D424}.Debug|Any CPU.Build.0 = Debug|Any CPU
		{902A85A5-7CC6-44DC-AD84-AD92B264D424}.Debug|ARM.ActiveCfg = Debug|Any CPU
		{902A85A5-7CC6-44DC-AD84-AD92B264D424}.Debug|ARM.Build.0 = Debug|Any CPU
		{902A85A5-7CC6-44DC-AD84-AD92B264D424}.Debug|x64.ActiveCfg = Debug|Any CPU
		{902A85A5-7CC6-44DC-AD84-AD92B264D424}.Debug|x64.Build.0 = Debug|Any CPU
		{902A85A5-7CC6-44DC-AD84-AD92B264D424}.Debug|x86.ActiveCfg = Debug|Any CPU
		{902A85A5-7CC6-44DC-AD84-AD92B264D424}.Debug|x86.Build.0 = Debug|Any CPU
		{902A85A5-7CC6-44DC-AD84-AD92B264D424}.Release|Any CPU.ActiveCfg = Release|Any CPU
		{902A85A5-7CC6-44DC-AD84-AD92B264D424}.Release|Any CPU.Build.0 = Release|Any CPU
		{902A85A5-7CC6-44DC-AD84-AD92B264D424}.Release|ARM.ActiveCfg = Release|Any CPU
		{902A85A5-7CC6-44DC-AD84-AD92B264D424}.Release|ARM.Build.0 = Release|Any CPU
		{902A85A5-7CC6-44DC-AD84-AD92B264D424}.Release|x64.ActiveCfg = Release|Any CPU
		{902A85A5-7CC6-44DC-AD84-AD92B264D424}.Release|x64.Build.0 = Release|Any CPU
		{902A85A5-7CC6-44DC-AD84-AD92B264D424}.Release|x86.ActiveCfg = Release|Any CPU
		{902A85A5-7CC6-44DC-AD84-AD92B264D424}.Release|x86.Build.0 = Release|Any CPU
		{31542FC2-91FF-46D7-B779-75FE0BC6D694}.Debug|Any CPU.ActiveCfg = Debug|Any CPU
		{31542FC2-91FF-46D7-B779-75FE0BC6D694}.Debug|Any CPU.Build.0 = Debug|Any CPU
		{31542FC2-91FF-46D7-B779-75FE0BC6D694}.Debug|ARM.ActiveCfg = Debug|Any CPU
		{31542FC2-91FF-46D7-B779-75FE0BC6D694}.Debug|ARM.Build.0 = Debug|Any CPU
		{31542FC2-91FF-46D7-B779-75FE0BC6D694}.Debug|x64.ActiveCfg = Debug|Any CPU
		{31542FC2-91FF-46D7-B779-75FE0BC6D694}.Debug|x64.Build.0 = Debug|Any CPU
		{31542FC2-91FF-46D7-B779-75FE0BC6D694}.Debug|x86.ActiveCfg = Debug|Any CPU
		{31542FC2-91FF-46D7-B779-75FE0BC6D694}.Debug|x86.Build.0 = Debug|Any CPU
		{31542FC2-91FF-46D7-B779-75FE0BC6D694}.Release|Any CPU.ActiveCfg = Release|Any CPU
		{31542FC2-91FF-46D7-B779-75FE0BC6D694}.Release|Any CPU.Build.0 = Release|Any CPU
		{31542FC2-91FF-46D7-B779-75FE0BC6D694}.Release|ARM.ActiveCfg = Release|Any CPU
		{31542FC2-91FF-46D7-B779-75FE0BC6D694}.Release|ARM.Build.0 = Release|Any CPU
		{31542FC2-91FF-46D7-B779-75FE0BC6D694}.Release|x64.ActiveCfg = Release|Any CPU
		{31542FC2-91FF-46D7-B779-75FE0BC6D694}.Release|x64.Build.0 = Release|Any CPU
		{31542FC2-91FF-46D7-B779-75FE0BC6D694}.Release|x86.ActiveCfg = Release|Any CPU
		{31542FC2-91FF-46D7-B779-75FE0BC6D694}.Release|x86.Build.0 = Release|Any CPU
		{E19C0B99-011B-49F3-B7DC-C3BC7D3EF4FF}.Debug|Any CPU.ActiveCfg = Debug|Any CPU
		{E19C0B99-011B-49F3-B7DC-C3BC7D3EF4FF}.Debug|Any CPU.Build.0 = Debug|Any CPU
		{E19C0B99-011B-49F3-B7DC-C3BC7D3EF4FF}.Debug|ARM.ActiveCfg = Debug|Any CPU
		{E19C0B99-011B-49F3-B7DC-C3BC7D3EF4FF}.Debug|ARM.Build.0 = Debug|Any CPU
		{E19C0B99-011B-49F3-B7DC-C3BC7D3EF4FF}.Debug|x64.ActiveCfg = Debug|Any CPU
		{E19C0B99-011B-49F3-B7DC-C3BC7D3EF4FF}.Debug|x64.Build.0 = Debug|Any CPU
		{E19C0B99-011B-49F3-B7DC-C3BC7D3EF4FF}.Debug|x86.ActiveCfg = Debug|Any CPU
		{E19C0B99-011B-49F3-B7DC-C3BC7D3EF4FF}.Debug|x86.Build.0 = Debug|Any CPU
		{E19C0B99-011B-49F3-B7DC-C3BC7D3EF4FF}.Release|Any CPU.ActiveCfg = Release|Any CPU
		{E19C0B99-011B-49F3-B7DC-C3BC7D3EF4FF}.Release|Any CPU.Build.0 = Release|Any CPU
		{E19C0B99-011B-49F3-B7DC-C3BC7D3EF4FF}.Release|ARM.ActiveCfg = Release|Any CPU
		{E19C0B99-011B-49F3-B7DC-C3BC7D3EF4FF}.Release|ARM.Build.0 = Release|Any CPU
		{E19C0B99-011B-49F3-B7DC-C3BC7D3EF4FF}.Release|x64.ActiveCfg = Release|Any CPU
		{E19C0B99-011B-49F3-B7DC-C3BC7D3EF4FF}.Release|x64.Build.0 = Release|Any CPU
		{E19C0B99-011B-49F3-B7DC-C3BC7D3EF4FF}.Release|x86.ActiveCfg = Release|Any CPU
		{E19C0B99-011B-49F3-B7DC-C3BC7D3EF4FF}.Release|x86.Build.0 = Release|Any CPU
		{501CD55E-49FF-47BD-B355-19EEE25FD110}.Debug|Any CPU.ActiveCfg = Debug|Any CPU
		{501CD55E-49FF-47BD-B355-19EEE25FD110}.Debug|Any CPU.Build.0 = Debug|Any CPU
		{501CD55E-49FF-47BD-B355-19EEE25FD110}.Debug|ARM.ActiveCfg = Debug|Any CPU
		{501CD55E-49FF-47BD-B355-19EEE25FD110}.Debug|ARM.Build.0 = Debug|Any CPU
		{501CD55E-49FF-47BD-B355-19EEE25FD110}.Debug|x64.ActiveCfg = Debug|Any CPU
		{501CD55E-49FF-47BD-B355-19EEE25FD110}.Debug|x64.Build.0 = Debug|Any CPU
		{501CD55E-49FF-47BD-B355-19EEE25FD110}.Debug|x86.ActiveCfg = Debug|Any CPU
		{501CD55E-49FF-47BD-B355-19EEE25FD110}.Debug|x86.Build.0 = Debug|Any CPU
		{501CD55E-49FF-47BD-B355-19EEE25FD110}.Release|Any CPU.ActiveCfg = Release|Any CPU
		{501CD55E-49FF-47BD-B355-19EEE25FD110}.Release|Any CPU.Build.0 = Release|Any CPU
		{501CD55E-49FF-47BD-B355-19EEE25FD110}.Release|ARM.ActiveCfg = Release|Any CPU
		{501CD55E-49FF-47BD-B355-19EEE25FD110}.Release|ARM.Build.0 = Release|Any CPU
		{501CD55E-49FF-47BD-B355-19EEE25FD110}.Release|x64.ActiveCfg = Release|Any CPU
		{501CD55E-49FF-47BD-B355-19EEE25FD110}.Release|x64.Build.0 = Release|Any CPU
		{501CD55E-49FF-47BD-B355-19EEE25FD110}.Release|x86.ActiveCfg = Release|Any CPU
		{501CD55E-49FF-47BD-B355-19EEE25FD110}.Release|x86.Build.0 = Release|Any CPU
		{5014D759-62EA-4DC5-A684-61F550961A96}.Debug|Any CPU.ActiveCfg = Debug|Any CPU
		{5014D759-62EA-4DC5-A684-61F550961A96}.Debug|Any CPU.Build.0 = Debug|Any CPU
		{5014D759-62EA-4DC5-A684-61F550961A96}.Debug|ARM.ActiveCfg = Debug|Any CPU
		{5014D759-62EA-4DC5-A684-61F550961A96}.Debug|ARM.Build.0 = Debug|Any CPU
		{5014D759-62EA-4DC5-A684-61F550961A96}.Debug|x64.ActiveCfg = Debug|Any CPU
		{5014D759-62EA-4DC5-A684-61F550961A96}.Debug|x64.Build.0 = Debug|Any CPU
		{5014D759-62EA-4DC5-A684-61F550961A96}.Debug|x86.ActiveCfg = Debug|Any CPU
		{5014D759-62EA-4DC5-A684-61F550961A96}.Debug|x86.Build.0 = Debug|Any CPU
		{5014D759-62EA-4DC5-A684-61F550961A96}.Release|Any CPU.ActiveCfg = Release|Any CPU
		{5014D759-62EA-4DC5-A684-61F550961A96}.Release|Any CPU.Build.0 = Release|Any CPU
		{5014D759-62EA-4DC5-A684-61F550961A96}.Release|ARM.ActiveCfg = Release|Any CPU
		{5014D759-62EA-4DC5-A684-61F550961A96}.Release|ARM.Build.0 = Release|Any CPU
		{5014D759-62EA-4DC5-A684-61F550961A96}.Release|x64.ActiveCfg = Release|Any CPU
		{5014D759-62EA-4DC5-A684-61F550961A96}.Release|x64.Build.0 = Release|Any CPU
		{5014D759-62EA-4DC5-A684-61F550961A96}.Release|x86.ActiveCfg = Release|Any CPU
		{5014D759-62EA-4DC5-A684-61F550961A96}.Release|x86.Build.0 = Release|Any CPU
		{7B4F5D3A-819D-47C8-A5A1-921B0AE02910}.Debug|Any CPU.ActiveCfg = Debug|Any CPU
		{7B4F5D3A-819D-47C8-A5A1-921B0AE02910}.Debug|Any CPU.Build.0 = Debug|Any CPU
		{7B4F5D3A-819D-47C8-A5A1-921B0AE02910}.Debug|ARM.ActiveCfg = Debug|Any CPU
		{7B4F5D3A-819D-47C8-A5A1-921B0AE02910}.Debug|ARM.Build.0 = Debug|Any CPU
		{7B4F5D3A-819D-47C8-A5A1-921B0AE02910}.Debug|x64.ActiveCfg = Debug|Any CPU
		{7B4F5D3A-819D-47C8-A5A1-921B0AE02910}.Debug|x64.Build.0 = Debug|Any CPU
		{7B4F5D3A-819D-47C8-A5A1-921B0AE02910}.Debug|x86.ActiveCfg = Debug|Any CPU
		{7B4F5D3A-819D-47C8-A5A1-921B0AE02910}.Debug|x86.Build.0 = Debug|Any CPU
		{7B4F5D3A-819D-47C8-A5A1-921B0AE02910}.Release|Any CPU.ActiveCfg = Release|Any CPU
		{7B4F5D3A-819D-47C8-A5A1-921B0AE02910}.Release|Any CPU.Build.0 = Release|Any CPU
		{7B4F5D3A-819D-47C8-A5A1-921B0AE02910}.Release|ARM.ActiveCfg = Release|Any CPU
		{7B4F5D3A-819D-47C8-A5A1-921B0AE02910}.Release|ARM.Build.0 = Release|Any CPU
		{7B4F5D3A-819D-47C8-A5A1-921B0AE02910}.Release|x64.ActiveCfg = Release|Any CPU
		{7B4F5D3A-819D-47C8-A5A1-921B0AE02910}.Release|x64.Build.0 = Release|Any CPU
		{7B4F5D3A-819D-47C8-A5A1-921B0AE02910}.Release|x86.ActiveCfg = Release|Any CPU
		{7B4F5D3A-819D-47C8-A5A1-921B0AE02910}.Release|x86.Build.0 = Release|Any CPU
		{561043AC-7E1E-48DA-B544-480EADE8C0E1}.Debug|Any CPU.ActiveCfg = Debug|Any CPU
		{561043AC-7E1E-48DA-B544-480EADE8C0E1}.Debug|Any CPU.Build.0 = Debug|Any CPU
		{561043AC-7E1E-48DA-B544-480EADE8C0E1}.Debug|ARM.ActiveCfg = Debug|Any CPU
		{561043AC-7E1E-48DA-B544-480EADE8C0E1}.Debug|ARM.Build.0 = Debug|Any CPU
		{561043AC-7E1E-48DA-B544-480EADE8C0E1}.Debug|x64.ActiveCfg = Debug|Any CPU
		{561043AC-7E1E-48DA-B544-480EADE8C0E1}.Debug|x64.Build.0 = Debug|Any CPU
		{561043AC-7E1E-48DA-B544-480EADE8C0E1}.Debug|x86.ActiveCfg = Debug|Any CPU
		{561043AC-7E1E-48DA-B544-480EADE8C0E1}.Debug|x86.Build.0 = Debug|Any CPU
		{561043AC-7E1E-48DA-B544-480EADE8C0E1}.Release|Any CPU.ActiveCfg = Release|Any CPU
		{561043AC-7E1E-48DA-B544-480EADE8C0E1}.Release|Any CPU.Build.0 = Release|Any CPU
		{561043AC-7E1E-48DA-B544-480EADE8C0E1}.Release|ARM.ActiveCfg = Release|Any CPU
		{561043AC-7E1E-48DA-B544-480EADE8C0E1}.Release|ARM.Build.0 = Release|Any CPU
		{561043AC-7E1E-48DA-B544-480EADE8C0E1}.Release|x64.ActiveCfg = Release|Any CPU
		{561043AC-7E1E-48DA-B544-480EADE8C0E1}.Release|x64.Build.0 = Release|Any CPU
		{561043AC-7E1E-48DA-B544-480EADE8C0E1}.Release|x86.ActiveCfg = Release|Any CPU
		{561043AC-7E1E-48DA-B544-480EADE8C0E1}.Release|x86.Build.0 = Release|Any CPU
		{6B8C993B-D075-4DD5-9E69-26BD0D85C946}.Debug|Any CPU.ActiveCfg = Debug|Any CPU
		{6B8C993B-D075-4DD5-9E69-26BD0D85C946}.Debug|Any CPU.Build.0 = Debug|Any CPU
		{6B8C993B-D075-4DD5-9E69-26BD0D85C946}.Debug|ARM.ActiveCfg = Debug|Any CPU
		{6B8C993B-D075-4DD5-9E69-26BD0D85C946}.Debug|ARM.Build.0 = Debug|Any CPU
		{6B8C993B-D075-4DD5-9E69-26BD0D85C946}.Debug|x64.ActiveCfg = Debug|Any CPU
		{6B8C993B-D075-4DD5-9E69-26BD0D85C946}.Debug|x64.Build.0 = Debug|Any CPU
		{6B8C993B-D075-4DD5-9E69-26BD0D85C946}.Debug|x86.ActiveCfg = Debug|Any CPU
		{6B8C993B-D075-4DD5-9E69-26BD0D85C946}.Debug|x86.Build.0 = Debug|Any CPU
		{6B8C993B-D075-4DD5-9E69-26BD0D85C946}.Release|Any CPU.ActiveCfg = Release|Any CPU
		{6B8C993B-D075-4DD5-9E69-26BD0D85C946}.Release|Any CPU.Build.0 = Release|Any CPU
		{6B8C993B-D075-4DD5-9E69-26BD0D85C946}.Release|ARM.ActiveCfg = Release|Any CPU
		{6B8C993B-D075-4DD5-9E69-26BD0D85C946}.Release|ARM.Build.0 = Release|Any CPU
		{6B8C993B-D075-4DD5-9E69-26BD0D85C946}.Release|x64.ActiveCfg = Release|Any CPU
		{6B8C993B-D075-4DD5-9E69-26BD0D85C946}.Release|x64.Build.0 = Release|Any CPU
		{6B8C993B-D075-4DD5-9E69-26BD0D85C946}.Release|x86.ActiveCfg = Release|Any CPU
		{6B8C993B-D075-4DD5-9E69-26BD0D85C946}.Release|x86.Build.0 = Release|Any CPU
		{288C4DBF-6C26-43FE-898D-2C95BD90DDD0}.Debug|Any CPU.ActiveCfg = Debug|Any CPU
		{288C4DBF-6C26-43FE-898D-2C95BD90DDD0}.Debug|Any CPU.Build.0 = Debug|Any CPU
		{288C4DBF-6C26-43FE-898D-2C95BD90DDD0}.Debug|ARM.ActiveCfg = Debug|Any CPU
		{288C4DBF-6C26-43FE-898D-2C95BD90DDD0}.Debug|ARM.Build.0 = Debug|Any CPU
		{288C4DBF-6C26-43FE-898D-2C95BD90DDD0}.Debug|x64.ActiveCfg = Debug|Any CPU
		{288C4DBF-6C26-43FE-898D-2C95BD90DDD0}.Debug|x64.Build.0 = Debug|Any CPU
		{288C4DBF-6C26-43FE-898D-2C95BD90DDD0}.Debug|x86.ActiveCfg = Debug|Any CPU
		{288C4DBF-6C26-43FE-898D-2C95BD90DDD0}.Debug|x86.Build.0 = Debug|Any CPU
		{288C4DBF-6C26-43FE-898D-2C95BD90DDD0}.Release|Any CPU.ActiveCfg = Release|Any CPU
		{288C4DBF-6C26-43FE-898D-2C95BD90DDD0}.Release|Any CPU.Build.0 = Release|Any CPU
		{288C4DBF-6C26-43FE-898D-2C95BD90DDD0}.Release|ARM.ActiveCfg = Release|Any CPU
		{288C4DBF-6C26-43FE-898D-2C95BD90DDD0}.Release|ARM.Build.0 = Release|Any CPU
		{288C4DBF-6C26-43FE-898D-2C95BD90DDD0}.Release|x64.ActiveCfg = Release|Any CPU
		{288C4DBF-6C26-43FE-898D-2C95BD90DDD0}.Release|x64.Build.0 = Release|Any CPU
		{288C4DBF-6C26-43FE-898D-2C95BD90DDD0}.Release|x86.ActiveCfg = Release|Any CPU
		{288C4DBF-6C26-43FE-898D-2C95BD90DDD0}.Release|x86.Build.0 = Release|Any CPU
		{9B953BFD-96B0-4238-9498-6C8E77AACCDD}.Debug|Any CPU.ActiveCfg = Debug|Any CPU
		{9B953BFD-96B0-4238-9498-6C8E77AACCDD}.Debug|Any CPU.Build.0 = Debug|Any CPU
		{9B953BFD-96B0-4238-9498-6C8E77AACCDD}.Debug|ARM.ActiveCfg = Debug|Any CPU
		{9B953BFD-96B0-4238-9498-6C8E77AACCDD}.Debug|ARM.Build.0 = Debug|Any CPU
		{9B953BFD-96B0-4238-9498-6C8E77AACCDD}.Debug|x64.ActiveCfg = Debug|Any CPU
		{9B953BFD-96B0-4238-9498-6C8E77AACCDD}.Debug|x64.Build.0 = Debug|Any CPU
		{9B953BFD-96B0-4238-9498-6C8E77AACCDD}.Debug|x86.ActiveCfg = Debug|Any CPU
		{9B953BFD-96B0-4238-9498-6C8E77AACCDD}.Debug|x86.Build.0 = Debug|Any CPU
		{9B953BFD-96B0-4238-9498-6C8E77AACCDD}.Release|Any CPU.ActiveCfg = Release|Any CPU
		{9B953BFD-96B0-4238-9498-6C8E77AACCDD}.Release|Any CPU.Build.0 = Release|Any CPU
		{9B953BFD-96B0-4238-9498-6C8E77AACCDD}.Release|ARM.ActiveCfg = Release|Any CPU
		{9B953BFD-96B0-4238-9498-6C8E77AACCDD}.Release|ARM.Build.0 = Release|Any CPU
		{9B953BFD-96B0-4238-9498-6C8E77AACCDD}.Release|x64.ActiveCfg = Release|Any CPU
		{9B953BFD-96B0-4238-9498-6C8E77AACCDD}.Release|x64.Build.0 = Release|Any CPU
		{9B953BFD-96B0-4238-9498-6C8E77AACCDD}.Release|x86.ActiveCfg = Release|Any CPU
		{9B953BFD-96B0-4238-9498-6C8E77AACCDD}.Release|x86.Build.0 = Release|Any CPU
		{794BDE6E-57A7-45B6-966F-144E814593B2}.Debug|Any CPU.ActiveCfg = Debug|Any CPU
		{794BDE6E-57A7-45B6-966F-144E814593B2}.Debug|Any CPU.Build.0 = Debug|Any CPU
		{794BDE6E-57A7-45B6-966F-144E814593B2}.Debug|ARM.ActiveCfg = Debug|Any CPU
		{794BDE6E-57A7-45B6-966F-144E814593B2}.Debug|ARM.Build.0 = Debug|Any CPU
		{794BDE6E-57A7-45B6-966F-144E814593B2}.Debug|x64.ActiveCfg = Debug|Any CPU
		{794BDE6E-57A7-45B6-966F-144E814593B2}.Debug|x64.Build.0 = Debug|Any CPU
		{794BDE6E-57A7-45B6-966F-144E814593B2}.Debug|x86.ActiveCfg = Debug|Any CPU
		{794BDE6E-57A7-45B6-966F-144E814593B2}.Debug|x86.Build.0 = Debug|Any CPU
		{794BDE6E-57A7-45B6-966F-144E814593B2}.Release|Any CPU.ActiveCfg = Release|Any CPU
		{794BDE6E-57A7-45B6-966F-144E814593B2}.Release|Any CPU.Build.0 = Release|Any CPU
		{794BDE6E-57A7-45B6-966F-144E814593B2}.Release|ARM.ActiveCfg = Release|Any CPU
		{794BDE6E-57A7-45B6-966F-144E814593B2}.Release|ARM.Build.0 = Release|Any CPU
		{794BDE6E-57A7-45B6-966F-144E814593B2}.Release|x64.ActiveCfg = Release|Any CPU
		{794BDE6E-57A7-45B6-966F-144E814593B2}.Release|x64.Build.0 = Release|Any CPU
		{794BDE6E-57A7-45B6-966F-144E814593B2}.Release|x86.ActiveCfg = Release|Any CPU
		{794BDE6E-57A7-45B6-966F-144E814593B2}.Release|x86.Build.0 = Release|Any CPU
		{E01E47E9-185C-4348-AEF5-00717528C01A}.Debug|Any CPU.ActiveCfg = Debug|Any CPU
		{E01E47E9-185C-4348-AEF5-00717528C01A}.Debug|Any CPU.Build.0 = Debug|Any CPU
		{E01E47E9-185C-4348-AEF5-00717528C01A}.Debug|ARM.ActiveCfg = Debug|Any CPU
		{E01E47E9-185C-4348-AEF5-00717528C01A}.Debug|ARM.Build.0 = Debug|Any CPU
		{E01E47E9-185C-4348-AEF5-00717528C01A}.Debug|x64.ActiveCfg = Debug|Any CPU
		{E01E47E9-185C-4348-AEF5-00717528C01A}.Debug|x64.Build.0 = Debug|Any CPU
		{E01E47E9-185C-4348-AEF5-00717528C01A}.Debug|x86.ActiveCfg = Debug|Any CPU
		{E01E47E9-185C-4348-AEF5-00717528C01A}.Debug|x86.Build.0 = Debug|Any CPU
		{E01E47E9-185C-4348-AEF5-00717528C01A}.Release|Any CPU.ActiveCfg = Release|Any CPU
		{E01E47E9-185C-4348-AEF5-00717528C01A}.Release|Any CPU.Build.0 = Release|Any CPU
		{E01E47E9-185C-4348-AEF5-00717528C01A}.Release|ARM.ActiveCfg = Release|Any CPU
		{E01E47E9-185C-4348-AEF5-00717528C01A}.Release|ARM.Build.0 = Release|Any CPU
		{E01E47E9-185C-4348-AEF5-00717528C01A}.Release|x64.ActiveCfg = Release|Any CPU
		{E01E47E9-185C-4348-AEF5-00717528C01A}.Release|x64.Build.0 = Release|Any CPU
		{E01E47E9-185C-4348-AEF5-00717528C01A}.Release|x86.ActiveCfg = Release|Any CPU
		{E01E47E9-185C-4348-AEF5-00717528C01A}.Release|x86.Build.0 = Release|Any CPU
		{A5B8FDBD-5AD0-4B77-B218-5C5062D62AF7}.Debug|Any CPU.ActiveCfg = Debug|Any CPU
		{A5B8FDBD-5AD0-4B77-B218-5C5062D62AF7}.Debug|Any CPU.Build.0 = Debug|Any CPU
		{A5B8FDBD-5AD0-4B77-B218-5C5062D62AF7}.Debug|ARM.ActiveCfg = Debug|Any CPU
		{A5B8FDBD-5AD0-4B77-B218-5C5062D62AF7}.Debug|ARM.Build.0 = Debug|Any CPU
		{A5B8FDBD-5AD0-4B77-B218-5C5062D62AF7}.Debug|x64.ActiveCfg = Debug|Any CPU
		{A5B8FDBD-5AD0-4B77-B218-5C5062D62AF7}.Debug|x64.Build.0 = Debug|Any CPU
		{A5B8FDBD-5AD0-4B77-B218-5C5062D62AF7}.Debug|x86.ActiveCfg = Debug|Any CPU
		{A5B8FDBD-5AD0-4B77-B218-5C5062D62AF7}.Debug|x86.Build.0 = Debug|Any CPU
		{A5B8FDBD-5AD0-4B77-B218-5C5062D62AF7}.Release|Any CPU.ActiveCfg = Release|Any CPU
		{A5B8FDBD-5AD0-4B77-B218-5C5062D62AF7}.Release|Any CPU.Build.0 = Release|Any CPU
		{A5B8FDBD-5AD0-4B77-B218-5C5062D62AF7}.Release|ARM.ActiveCfg = Release|Any CPU
		{A5B8FDBD-5AD0-4B77-B218-5C5062D62AF7}.Release|ARM.Build.0 = Release|Any CPU
		{A5B8FDBD-5AD0-4B77-B218-5C5062D62AF7}.Release|x64.ActiveCfg = Release|Any CPU
		{A5B8FDBD-5AD0-4B77-B218-5C5062D62AF7}.Release|x64.Build.0 = Release|Any CPU
		{A5B8FDBD-5AD0-4B77-B218-5C5062D62AF7}.Release|x86.ActiveCfg = Release|Any CPU
		{A5B8FDBD-5AD0-4B77-B218-5C5062D62AF7}.Release|x86.Build.0 = Release|Any CPU
		{53C960E7-4D66-472D-8AFB-C6CDDE369C5E}.Debug|Any CPU.ActiveCfg = Debug|Any CPU
		{53C960E7-4D66-472D-8AFB-C6CDDE369C5E}.Debug|Any CPU.Build.0 = Debug|Any CPU
		{53C960E7-4D66-472D-8AFB-C6CDDE369C5E}.Debug|ARM.ActiveCfg = Debug|Any CPU
		{53C960E7-4D66-472D-8AFB-C6CDDE369C5E}.Debug|ARM.Build.0 = Debug|Any CPU
		{53C960E7-4D66-472D-8AFB-C6CDDE369C5E}.Debug|x64.ActiveCfg = Debug|Any CPU
		{53C960E7-4D66-472D-8AFB-C6CDDE369C5E}.Debug|x64.Build.0 = Debug|Any CPU
		{53C960E7-4D66-472D-8AFB-C6CDDE369C5E}.Debug|x86.ActiveCfg = Debug|Any CPU
		{53C960E7-4D66-472D-8AFB-C6CDDE369C5E}.Debug|x86.Build.0 = Debug|Any CPU
		{53C960E7-4D66-472D-8AFB-C6CDDE369C5E}.Release|Any CPU.ActiveCfg = Release|Any CPU
		{53C960E7-4D66-472D-8AFB-C6CDDE369C5E}.Release|Any CPU.Build.0 = Release|Any CPU
		{53C960E7-4D66-472D-8AFB-C6CDDE369C5E}.Release|ARM.ActiveCfg = Release|Any CPU
		{53C960E7-4D66-472D-8AFB-C6CDDE369C5E}.Release|ARM.Build.0 = Release|Any CPU
		{53C960E7-4D66-472D-8AFB-C6CDDE369C5E}.Release|x64.ActiveCfg = Release|Any CPU
		{53C960E7-4D66-472D-8AFB-C6CDDE369C5E}.Release|x64.Build.0 = Release|Any CPU
		{53C960E7-4D66-472D-8AFB-C6CDDE369C5E}.Release|x86.ActiveCfg = Release|Any CPU
		{53C960E7-4D66-472D-8AFB-C6CDDE369C5E}.Release|x86.Build.0 = Release|Any CPU
		{EE241625-929A-491C-9358-E90BA7B485BA}.Debug|Any CPU.ActiveCfg = Debug|Any CPU
		{EE241625-929A-491C-9358-E90BA7B485BA}.Debug|Any CPU.Build.0 = Debug|Any CPU
		{EE241625-929A-491C-9358-E90BA7B485BA}.Debug|ARM.ActiveCfg = Debug|Any CPU
		{EE241625-929A-491C-9358-E90BA7B485BA}.Debug|ARM.Build.0 = Debug|Any CPU
		{EE241625-929A-491C-9358-E90BA7B485BA}.Debug|x64.ActiveCfg = Debug|Any CPU
		{EE241625-929A-491C-9358-E90BA7B485BA}.Debug|x64.Build.0 = Debug|Any CPU
		{EE241625-929A-491C-9358-E90BA7B485BA}.Debug|x86.ActiveCfg = Debug|Any CPU
		{EE241625-929A-491C-9358-E90BA7B485BA}.Debug|x86.Build.0 = Debug|Any CPU
		{EE241625-929A-491C-9358-E90BA7B485BA}.Release|Any CPU.ActiveCfg = Release|Any CPU
		{EE241625-929A-491C-9358-E90BA7B485BA}.Release|Any CPU.Build.0 = Release|Any CPU
		{EE241625-929A-491C-9358-E90BA7B485BA}.Release|ARM.ActiveCfg = Release|Any CPU
		{EE241625-929A-491C-9358-E90BA7B485BA}.Release|ARM.Build.0 = Release|Any CPU
		{EE241625-929A-491C-9358-E90BA7B485BA}.Release|x64.ActiveCfg = Release|Any CPU
		{EE241625-929A-491C-9358-E90BA7B485BA}.Release|x64.Build.0 = Release|Any CPU
		{EE241625-929A-491C-9358-E90BA7B485BA}.Release|x86.ActiveCfg = Release|Any CPU
		{EE241625-929A-491C-9358-E90BA7B485BA}.Release|x86.Build.0 = Release|Any CPU
		{C01F64C7-51F9-4E73-B5C8-5CA996AA70B7}.Debug|Any CPU.ActiveCfg = Debug|Any CPU
		{C01F64C7-51F9-4E73-B5C8-5CA996AA70B7}.Debug|Any CPU.Build.0 = Debug|Any CPU
		{C01F64C7-51F9-4E73-B5C8-5CA996AA70B7}.Debug|ARM.ActiveCfg = Debug|Any CPU
		{C01F64C7-51F9-4E73-B5C8-5CA996AA70B7}.Debug|ARM.Build.0 = Debug|Any CPU
		{C01F64C7-51F9-4E73-B5C8-5CA996AA70B7}.Debug|x64.ActiveCfg = Debug|Any CPU
		{C01F64C7-51F9-4E73-B5C8-5CA996AA70B7}.Debug|x64.Build.0 = Debug|Any CPU
		{C01F64C7-51F9-4E73-B5C8-5CA996AA70B7}.Debug|x86.ActiveCfg = Debug|Any CPU
		{C01F64C7-51F9-4E73-B5C8-5CA996AA70B7}.Debug|x86.Build.0 = Debug|Any CPU
		{C01F64C7-51F9-4E73-B5C8-5CA996AA70B7}.Release|Any CPU.ActiveCfg = Release|Any CPU
		{C01F64C7-51F9-4E73-B5C8-5CA996AA70B7}.Release|Any CPU.Build.0 = Release|Any CPU
		{C01F64C7-51F9-4E73-B5C8-5CA996AA70B7}.Release|ARM.ActiveCfg = Release|Any CPU
		{C01F64C7-51F9-4E73-B5C8-5CA996AA70B7}.Release|ARM.Build.0 = Release|Any CPU
		{C01F64C7-51F9-4E73-B5C8-5CA996AA70B7}.Release|x64.ActiveCfg = Release|Any CPU
		{C01F64C7-51F9-4E73-B5C8-5CA996AA70B7}.Release|x64.Build.0 = Release|Any CPU
		{C01F64C7-51F9-4E73-B5C8-5CA996AA70B7}.Release|x86.ActiveCfg = Release|Any CPU
		{C01F64C7-51F9-4E73-B5C8-5CA996AA70B7}.Release|x86.Build.0 = Release|Any CPU
		{DA9856D7-5184-4600-91CA-4AE9E0D4EDA2}.Debug|Any CPU.ActiveCfg = Debug|Any CPU
		{DA9856D7-5184-4600-91CA-4AE9E0D4EDA2}.Debug|Any CPU.Build.0 = Debug|Any CPU
		{DA9856D7-5184-4600-91CA-4AE9E0D4EDA2}.Debug|ARM.ActiveCfg = Debug|Any CPU
		{DA9856D7-5184-4600-91CA-4AE9E0D4EDA2}.Debug|ARM.Build.0 = Debug|Any CPU
		{DA9856D7-5184-4600-91CA-4AE9E0D4EDA2}.Debug|x64.ActiveCfg = Debug|Any CPU
		{DA9856D7-5184-4600-91CA-4AE9E0D4EDA2}.Debug|x64.Build.0 = Debug|Any CPU
		{DA9856D7-5184-4600-91CA-4AE9E0D4EDA2}.Debug|x86.ActiveCfg = Debug|Any CPU
		{DA9856D7-5184-4600-91CA-4AE9E0D4EDA2}.Debug|x86.Build.0 = Debug|Any CPU
		{DA9856D7-5184-4600-91CA-4AE9E0D4EDA2}.Release|Any CPU.ActiveCfg = Release|Any CPU
		{DA9856D7-5184-4600-91CA-4AE9E0D4EDA2}.Release|Any CPU.Build.0 = Release|Any CPU
		{DA9856D7-5184-4600-91CA-4AE9E0D4EDA2}.Release|ARM.ActiveCfg = Release|Any CPU
		{DA9856D7-5184-4600-91CA-4AE9E0D4EDA2}.Release|ARM.Build.0 = Release|Any CPU
		{DA9856D7-5184-4600-91CA-4AE9E0D4EDA2}.Release|x64.ActiveCfg = Release|Any CPU
		{DA9856D7-5184-4600-91CA-4AE9E0D4EDA2}.Release|x64.Build.0 = Release|Any CPU
		{DA9856D7-5184-4600-91CA-4AE9E0D4EDA2}.Release|x86.ActiveCfg = Release|Any CPU
		{DA9856D7-5184-4600-91CA-4AE9E0D4EDA2}.Release|x86.Build.0 = Release|Any CPU
		{D73DB4B5-6C30-4323-9717-514B6F67C99A}.Debug|Any CPU.ActiveCfg = Debug|Any CPU
		{D73DB4B5-6C30-4323-9717-514B6F67C99A}.Debug|Any CPU.Build.0 = Debug|Any CPU
		{D73DB4B5-6C30-4323-9717-514B6F67C99A}.Debug|ARM.ActiveCfg = Debug|Any CPU
		{D73DB4B5-6C30-4323-9717-514B6F67C99A}.Debug|ARM.Build.0 = Debug|Any CPU
		{D73DB4B5-6C30-4323-9717-514B6F67C99A}.Debug|x64.ActiveCfg = Debug|Any CPU
		{D73DB4B5-6C30-4323-9717-514B6F67C99A}.Debug|x64.Build.0 = Debug|Any CPU
		{D73DB4B5-6C30-4323-9717-514B6F67C99A}.Debug|x86.ActiveCfg = Debug|Any CPU
		{D73DB4B5-6C30-4323-9717-514B6F67C99A}.Debug|x86.Build.0 = Debug|Any CPU
		{D73DB4B5-6C30-4323-9717-514B6F67C99A}.Release|Any CPU.ActiveCfg = Release|Any CPU
		{D73DB4B5-6C30-4323-9717-514B6F67C99A}.Release|Any CPU.Build.0 = Release|Any CPU
		{D73DB4B5-6C30-4323-9717-514B6F67C99A}.Release|ARM.ActiveCfg = Release|Any CPU
		{D73DB4B5-6C30-4323-9717-514B6F67C99A}.Release|ARM.Build.0 = Release|Any CPU
		{D73DB4B5-6C30-4323-9717-514B6F67C99A}.Release|x64.ActiveCfg = Release|Any CPU
		{D73DB4B5-6C30-4323-9717-514B6F67C99A}.Release|x64.Build.0 = Release|Any CPU
		{D73DB4B5-6C30-4323-9717-514B6F67C99A}.Release|x86.ActiveCfg = Release|Any CPU
		{D73DB4B5-6C30-4323-9717-514B6F67C99A}.Release|x86.Build.0 = Release|Any CPU
		{CAF77E59-E7D3-4801-BFCD-07F693459115}.Debug|Any CPU.ActiveCfg = Debug|Any CPU
		{CAF77E59-E7D3-4801-BFCD-07F693459115}.Debug|Any CPU.Build.0 = Debug|Any CPU
		{CAF77E59-E7D3-4801-BFCD-07F693459115}.Debug|ARM.ActiveCfg = Debug|Any CPU
		{CAF77E59-E7D3-4801-BFCD-07F693459115}.Debug|ARM.Build.0 = Debug|Any CPU
		{CAF77E59-E7D3-4801-BFCD-07F693459115}.Debug|x64.ActiveCfg = Debug|Any CPU
		{CAF77E59-E7D3-4801-BFCD-07F693459115}.Debug|x64.Build.0 = Debug|Any CPU
		{CAF77E59-E7D3-4801-BFCD-07F693459115}.Debug|x86.ActiveCfg = Debug|Any CPU
		{CAF77E59-E7D3-4801-BFCD-07F693459115}.Debug|x86.Build.0 = Debug|Any CPU
		{CAF77E59-E7D3-4801-BFCD-07F693459115}.Release|Any CPU.ActiveCfg = Release|Any CPU
		{CAF77E59-E7D3-4801-BFCD-07F693459115}.Release|Any CPU.Build.0 = Release|Any CPU
		{CAF77E59-E7D3-4801-BFCD-07F693459115}.Release|ARM.ActiveCfg = Release|Any CPU
		{CAF77E59-E7D3-4801-BFCD-07F693459115}.Release|ARM.Build.0 = Release|Any CPU
		{CAF77E59-E7D3-4801-BFCD-07F693459115}.Release|x64.ActiveCfg = Release|Any CPU
		{CAF77E59-E7D3-4801-BFCD-07F693459115}.Release|x64.Build.0 = Release|Any CPU
		{CAF77E59-E7D3-4801-BFCD-07F693459115}.Release|x86.ActiveCfg = Release|Any CPU
		{CAF77E59-E7D3-4801-BFCD-07F693459115}.Release|x86.Build.0 = Release|Any CPU
		{FBD2D2BC-A258-4D95-84AC-8C88B416DBE4}.Debug|Any CPU.ActiveCfg = Debug|Any CPU
		{FBD2D2BC-A258-4D95-84AC-8C88B416DBE4}.Debug|Any CPU.Build.0 = Debug|Any CPU
		{FBD2D2BC-A258-4D95-84AC-8C88B416DBE4}.Debug|ARM.ActiveCfg = Debug|Any CPU
		{FBD2D2BC-A258-4D95-84AC-8C88B416DBE4}.Debug|ARM.Build.0 = Debug|Any CPU
		{FBD2D2BC-A258-4D95-84AC-8C88B416DBE4}.Debug|x64.ActiveCfg = Debug|Any CPU
		{FBD2D2BC-A258-4D95-84AC-8C88B416DBE4}.Debug|x64.Build.0 = Debug|Any CPU
		{FBD2D2BC-A258-4D95-84AC-8C88B416DBE4}.Debug|x86.ActiveCfg = Debug|Any CPU
		{FBD2D2BC-A258-4D95-84AC-8C88B416DBE4}.Debug|x86.Build.0 = Debug|Any CPU
		{FBD2D2BC-A258-4D95-84AC-8C88B416DBE4}.Release|Any CPU.ActiveCfg = Release|Any CPU
		{FBD2D2BC-A258-4D95-84AC-8C88B416DBE4}.Release|Any CPU.Build.0 = Release|Any CPU
		{FBD2D2BC-A258-4D95-84AC-8C88B416DBE4}.Release|ARM.ActiveCfg = Release|Any CPU
		{FBD2D2BC-A258-4D95-84AC-8C88B416DBE4}.Release|ARM.Build.0 = Release|Any CPU
		{FBD2D2BC-A258-4D95-84AC-8C88B416DBE4}.Release|x64.ActiveCfg = Release|Any CPU
		{FBD2D2BC-A258-4D95-84AC-8C88B416DBE4}.Release|x64.Build.0 = Release|Any CPU
		{FBD2D2BC-A258-4D95-84AC-8C88B416DBE4}.Release|x86.ActiveCfg = Release|Any CPU
		{FBD2D2BC-A258-4D95-84AC-8C88B416DBE4}.Release|x86.Build.0 = Release|Any CPU
	EndGlobalSection
	GlobalSection(SolutionProperties) = preSolution
		HideSolutionNode = FALSE
	EndGlobalSection
	GlobalSection(NestedProjects) = preSolution
		{AA34BEA9-12EC-4BF0-A6E0-9C459A4EBAE9} = {485C90AE-0202-4A4A-9894-4678926966AB}
		{033469ED-9C96-4F49-BEF8-D373029799B3} = {4CFC46BD-CA09-4ACC-9CAF-2A4E6B06950F}
		{0AE03157-A9B2-4FBD-8DB7-36DC09EE01D3} = {816B1219-AC6D-407E-A0C8-82CCDF7E41B3}
		{FC326F53-373D-4C40-B5F5-C307A96B49A3} = {485C90AE-0202-4A4A-9894-4678926966AB}
		{55035D4F-B1DB-4DFD-BB92-33BB1C96183A} = {DD4A99A0-F2EE-4F44-9253-F47121D0F53C}
		{D5D7AA25-80C6-4556-BD44-0E3DA3123E3E} = {816B1219-AC6D-407E-A0C8-82CCDF7E41B3}
		{E8BD023A-4BEC-40B9-8FCA-FEB200922DCD} = {A66DC2B1-1CB9-4B98-A141-C684CFF20B89}
		{9DB8AC09-E124-4133-97BC-6A13F1BB0B2A} = {4CFC46BD-CA09-4ACC-9CAF-2A4E6B06950F}
		{9E9CB318-9CBE-409B-9E4C-6B2EFAB570B9} = {DD4A99A0-F2EE-4F44-9253-F47121D0F53C}
		{6F6AA4D7-A77C-4C32-8F10-1240AD39FB11} = {96997457-A8B5-48B7-BF68-A69EB55B13FC}
		{29E7E72F-E6C0-41F6-A613-4AFF6C402F14} = {7C879A5D-DDFE-4FAA-A45D-F93673D21142}
		{AFBE476A-4893-4F86-B4C1-91054BEA9B33} = {7D6DF53C-4F9A-4498-8C56-C20787417166}
		{7D6DF53C-4F9A-4498-8C56-C20787417166} = {96997457-A8B5-48B7-BF68-A69EB55B13FC}
		{4CFC46BD-CA09-4ACC-9CAF-2A4E6B06950F} = {7D6DF53C-4F9A-4498-8C56-C20787417166}
		{7C879A5D-DDFE-4FAA-A45D-F93673D21142} = {7D6DF53C-4F9A-4498-8C56-C20787417166}
		{DD4A99A0-F2EE-4F44-9253-F47121D0F53C} = {96997457-A8B5-48B7-BF68-A69EB55B13FC}
		{D7F1EE7C-7E1B-4C1D-A955-E905590FAE26} = {7C879A5D-DDFE-4FAA-A45D-F93673D21142}
		{8F4D96A6-F2F7-4307-9729-088C3869787A} = {816B1219-AC6D-407E-A0C8-82CCDF7E41B3}
		{3242458B-9ACB-4BA4-8E62-CDA9462A806E} = {816B1219-AC6D-407E-A0C8-82CCDF7E41B3}
		{902A85A5-7CC6-44DC-AD84-AD92B264D424} = {816B1219-AC6D-407E-A0C8-82CCDF7E41B3}
		{31542FC2-91FF-46D7-B779-75FE0BC6D694} = {485C90AE-0202-4A4A-9894-4678926966AB}
		{E19C0B99-011B-49F3-B7DC-C3BC7D3EF4FF} = {485C90AE-0202-4A4A-9894-4678926966AB}
		{501CD55E-49FF-47BD-B355-19EEE25FD110} = {A66DC2B1-1CB9-4B98-A141-C684CFF20B89}
		{5014D759-62EA-4DC5-A684-61F550961A96} = {485C90AE-0202-4A4A-9894-4678926966AB}
		{561043AC-7E1E-48DA-B544-480EADE8C0E1} = {0096598A-6564-4255-A1CD-B4097FC07179}
		{6B8C993B-D075-4DD5-9E69-26BD0D85C946} = {0096598A-6564-4255-A1CD-B4097FC07179}
		{288C4DBF-6C26-43FE-898D-2C95BD90DDD0} = {7D6DF53C-4F9A-4498-8C56-C20787417166}
		{9B953BFD-96B0-4238-9498-6C8E77AACCDD} = {7D6DF53C-4F9A-4498-8C56-C20787417166}
		{A5B8FDBD-5AD0-4B77-B218-5C5062D62AF7} = {816B1219-AC6D-407E-A0C8-82CCDF7E41B3}
		{53C960E7-4D66-472D-8AFB-C6CDDE369C5E} = {485C90AE-0202-4A4A-9894-4678926966AB}
		{EE241625-929A-491C-9358-E90BA7B485BA} = {485C90AE-0202-4A4A-9894-4678926966AB}
		{E01E47E9-185C-4348-AEF5-00717528C01A} = {31F1B59F-0C11-4C3C-8801-1739B78A95C1}
		{C01F64C7-51F9-4E73-B5C8-5CA996AA70B7} = {31F1B59F-0C11-4C3C-8801-1739B78A95C1}
		{DA9856D7-5184-4600-91CA-4AE9E0D4EDA2} = {31F1B59F-0C11-4C3C-8801-1739B78A95C1}
		{D73DB4B5-6C30-4323-9717-514B6F67C99A} = {31F1B59F-0C11-4C3C-8801-1739B78A95C1}
		{CAF77E59-E7D3-4801-BFCD-07F693459115} = {31F1B59F-0C11-4C3C-8801-1739B78A95C1}
		{FBD2D2BC-A258-4D95-84AC-8C88B416DBE4} = {31F1B59F-0C11-4C3C-8801-1739B78A95C1}
	EndGlobalSection
	GlobalSection(ExtensibilityGlobals) = postSolution
		SolutionGuid = {FCDAA670-41E2-41AE-A098-36F68A02ED70}
	EndGlobalSection
EndGlobal
